PODS:
  - Alamofire (4.5.1)
  - Modular (0.0.8):
    - SnapKit
  - Presentables (0.4.3)
  - SnapKit (4.0.0)
  - SpecTools (1.0.2)

DEPENDENCIES:
  - Alamofire (~> 4.5.1)
  - Modular (~> 0.0.8)
  - Presentables (~> 0.4.3)
  - SnapKit (~> 4.0.0)
  - SpecTools

SPEC CHECKSUMS:
  Alamofire: 2d95912bf4c34f164fdfc335872e8c312acaea4a
  Modular: c37de4e839b509449fa9f8b8a26656ec32105201
  Presentables: 0b9753d119c99729d3c14a868a8c9159c80f71a2
  SnapKit: a42d492c16e80209130a3379f73596c3454b7694
  SpecTools: 77474921254b23ea50bb80f8763214f41d9d63c5

PODFILE CHECKSUM: df0240de700f6d77c75c48b10d80914dc5122117

COCOAPODS: 1.4.0.beta.2
