PODS:
  - AwesomeEnum (1.2.0)
  - Base (0.0.1):
    - AwesomeEnum (~> 1.2.0)
    - Modular (~> 1.0.0)
    - Presentables (~> 0.6.6)
    - SnapKit (~> 4.0.0)
  - BoostSDK (0.0.1)
  - Hagrid (1.0.2):
    - SnapKit (~> 4.0.0)
  - MarcoPolo (0.0.1)
  - Modular (1.0.2):
    - SnapKit
  - Presentables (0.6.7)
  - Reloaded (1.0.1)
  - SnapKit (4.0.0)
  - SpecTools (1.0.2)

DEPENDENCIES:
  - AwesomeEnum (~> 1.2.0)
  - Base (from `../Base`)
  - BoostSDK (from `../BoostSDK`)
  - Hagrid (from `../Hagrid`)
  - MarcoPolo (from `../MarcoPolo`)
  - Modular (~> 1.0.2)
  - Presentables (~> 0.6.7)
  - Reloaded (from `../Reloaded`)
  - SnapKit (~> 4.0.0)
  - SpecTools

SPEC REPOS:
  https://github.com/cocoapods/specs.git:
    - AwesomeEnum
    - Modular
    - Presentables
    - SnapKit
    - SpecTools

EXTERNAL SOURCES:
  Base:
    :path: "../Base"
  BoostSDK:
    :path: "../BoostSDK"
  Hagrid:
    :path: "../Hagrid"
  MarcoPolo:
    :path: "../MarcoPolo"
  Reloaded:
    :path: "../Reloaded"

SPEC CHECKSUMS:
  AwesomeEnum: fe633a08020f92ab57277956c1df4d52fbfa27e0
  Base: ef173ccca5ccd4f03611bed8ec7eb690ff7ce42a
  BoostSDK: 72f3c200cbf9c74a5a76191db964123547d2f18b
  Hagrid: 79b2ea059ef93cff46347fc6f6f12ff2329976e9
  MarcoPolo: 071f2bb3b201bec6a211fdd709d73dd931ef647a
  Modular: bae1878d084e9ea31300417b16a3ff4baf6614af
  Presentables: e20dc46cdb8a83dd8473c584e146c953ac5e9c94
  Reloaded: ae9fdea8818df3d9cd7dc52d2e3525bc20e6b4b3
  SnapKit: a42d492c16e80209130a3379f73596c3454b7694
  SpecTools: 77474921254b23ea50bb80f8763214f41d9d63c5

PODFILE CHECKSUM: b29e952008827ccfdcfa351f5d233b10fee22647

COCOAPODS: 1.5.3
