// !$*UTF8*$!
{
	archiveVersion = 1;
	classes = {
	};
	objectVersion = 50;
	objects = {

/* Begin PBXBuildFile section */
		15020B1E20C15ABA00BBADBD /* Localizable.strings in Resources */ = {isa = PBXBuildFile; fileRef = 15020B2020C15ABA00BBADBD /* Localizable.strings */; };
		15020BD620C1D71B00BBADBD /* LoginCoordinator+Registration.swift in Sources */ = {isa = PBXBuildFile; fileRef = 15020BD520C1D71B00BBADBD /* LoginCoordinator+Registration.swift */; };
		1545C38C20BC682C000449D3 /* LoginCoordinator+Onboarding.swift in Sources */ = {isa = PBXBuildFile; fileRef = 1545C38B20BC682C000449D3 /* LoginCoordinator+Onboarding.swift */; };
		1546772620CDC5BE00E593B8 /* UIViewController+Navigation.swift in Sources */ = {isa = PBXBuildFile; fileRef = 1546772520CDC5BE00E593B8 /* UIViewController+Navigation.swift */; };
		1561D7B220C4393700BCA532 /* RegisterViewController.swift in Sources */ = {isa = PBXBuildFile; fileRef = 1561D7B120C4393700BCA532 /* RegisterViewController.swift */; };
		1561D7B520C43A3900BCA532 /* GridViewController.swift in Sources */ = {isa = PBXBuildFile; fileRef = 1561D7B420C43A3900BCA532 /* GridViewController.swift */; };
		1561D7BD20C4855200BCA532 /* NavBarTitle.swift in Sources */ = {isa = PBXBuildFile; fileRef = 1561D7BC20C4855200BCA532 /* NavBarTitle.swift */; };
		1561D7C320C4894B00BCA532 /* ConfigurableController.swift in Sources */ = {isa = PBXBuildFile; fileRef = 1561D7C220C4894B00BCA532 /* ConfigurableController.swift */; };
		1561D7D620C58D2C00BCA532 /* PreloginView.swift in Sources */ = {isa = PBXBuildFile; fileRef = 1561D7D520C58D2C00BCA532 /* PreloginView.swift */; };
		1561D7D820C596C000BCA532 /* MainAuthView.swift in Sources */ = {isa = PBXBuildFile; fileRef = 1561D7D720C596C000BCA532 /* MainAuthView.swift */; };
		1563175520D0165C007E740C /* GridTableViewCell.swift in Sources */ = {isa = PBXBuildFile; fileRef = 1563175420D0165C007E740C /* GridTableViewCell.swift */; };
		1563175B20D05F34007E740C /* Rubik-Bold.ttf in Resources */ = {isa = PBXBuildFile; fileRef = 1563175720D05F34007E740C /* Rubik-Bold.ttf */; };
		1563175C20D05F34007E740C /* Rubik-Light.ttf in Resources */ = {isa = PBXBuildFile; fileRef = 1563175820D05F34007E740C /* Rubik-Light.ttf */; };
		1563175D20D05F34007E740C /* Rubik-Medium.ttf in Resources */ = {isa = PBXBuildFile; fileRef = 1563175920D05F34007E740C /* Rubik-Medium.ttf */; };
		1563175E20D05F34007E740C /* Rubik-Regular.ttf in Resources */ = {isa = PBXBuildFile; fileRef = 1563175A20D05F34007E740C /* Rubik-Regular.ttf */; };
		1563176020D064BC007E740C /* NavigationViewController.swift in Sources */ = {isa = PBXBuildFile; fileRef = 1563175F20D064BC007E740C /* NavigationViewController.swift */; };
		156AD83820CDCB78002672A4 /* Coordinator.swift in Sources */ = {isa = PBXBuildFile; fileRef = 156AD83720CDCB78002672A4 /* Coordinator.swift */; };
		156AD83B20CEC57A002672A4 /* GenericTableHeaderView.swift in Sources */ = {isa = PBXBuildFile; fileRef = 156AD83A20CEC57A002672A4 /* GenericTableHeaderView.swift */; };
		156AD83E20CEC5FB002672A4 /* GridView.swift in Sources */ = {isa = PBXBuildFile; fileRef = 156AD83D20CEC5FB002672A4 /* GridView.swift */; };
		157D35CA20D9AC17005C01D1 /* Assets.xcassets in Resources */ = {isa = PBXBuildFile; fileRef = 157D35C920D9AC17005C01D1 /* Assets.xcassets */; };
		157D35CC20D9B0B3005C01D1 /* UIImage+UIButton.swift in Sources */ = {isa = PBXBuildFile; fileRef = 157D35CB20D9B0B3005C01D1 /* UIImage+UIButton.swift */; };
		157D35CF20DA5D00005C01D1 /* AccountDataManager.swift in Sources */ = {isa = PBXBuildFile; fileRef = 157D35CE20DA5D00005C01D1 /* AccountDataManager.swift */; };
		157D35D120DA80BE005C01D1 /* PresentableCollectionViewDataManager+Common.swift in Sources */ = {isa = PBXBuildFile; fileRef = 157D35D020DA80BE005C01D1 /* PresentableCollectionViewDataManager+Common.swift */; };
		157D35D520DA83E9005C01D1 /* AppLoadingCell.swift in Sources */ = {isa = PBXBuildFile; fileRef = 157D35D420DA83E9005C01D1 /* AppLoadingCell.swift */; };
		157D35E220DAB06C005C01D1 /* BuildLoadingCell.swift in Sources */ = {isa = PBXBuildFile; fileRef = 157D35E120DAB06C005C01D1 /* BuildLoadingCell.swift */; };
		157D35F020DAB7B0005C01D1 /* GridCollectionReusableView.swift in Sources */ = {isa = PBXBuildFile; fileRef = 157D35EC20DAB7AF005C01D1 /* GridCollectionReusableView.swift */; };
		157D35F120DAB7B0005C01D1 /* GridCollectionViewCell.swift in Sources */ = {isa = PBXBuildFile; fileRef = 157D35ED20DAB7B0005C01D1 /* GridCollectionViewCell.swift */; };
		157D35F320DAB7B0005C01D1 /* GridScrollView.swift in Sources */ = {isa = PBXBuildFile; fileRef = 157D35EF20DAB7B0005C01D1 /* GridScrollView.swift */; };
		157D35F620DABADB005C01D1 /* GridTableViewHeaderFooterView.swift in Sources */ = {isa = PBXBuildFile; fileRef = 156AD84120CECA4B002672A4 /* GridTableViewHeaderFooterView.swift */; };
		15A1171920C6DBE200CE4263 /* enterprise.json in Resources */ = {isa = PBXBuildFile; fileRef = 15A1171820C6DBE200CE4263 /* enterprise.json */; };
		15A1171D20C6DC4F00CE4263 /* EnterpriseSettings.swift in Sources */ = {isa = PBXBuildFile; fileRef = 15A1171C20C6DC4F00CE4263 /* EnterpriseSettings.swift */; };
		15A1172020C6DD8E00CE4263 /* Enterprise.swift in Sources */ = {isa = PBXBuildFile; fileRef = 15A1171F20C6DD8E00CE4263 /* Enterprise.swift */; };
		15A1172220C6E31C00CE4263 /* Group+CoreData.swift in Sources */ = {isa = PBXBuildFile; fileRef = 15A1172120C6E31C00CE4263 /* Group+CoreData.swift */; };
		15A1172420C6E43800CE4263 /* Account+Enterprise.swift in Sources */ = {isa = PBXBuildFile; fileRef = 15A1172320C6E43800CE4263 /* Account+Enterprise.swift */; };
		15A88CE320BB624A00BC6DFA /* AppDelegate.swift in Sources */ = {isa = PBXBuildFile; fileRef = 15A88CE220BB624A00BC6DFA /* AppDelegate.swift */; };
		15A88CF820BB624C00BC6DFA /* BoostTests.swift in Sources */ = {isa = PBXBuildFile; fileRef = 15A88CF720BB624C00BC6DFA /* BoostTests.swift */; };
		15A88D0320BB624C00BC6DFA /* BoostUITests.swift in Sources */ = {isa = PBXBuildFile; fileRef = 15A88D0220BB624C00BC6DFA /* BoostUITests.swift */; };
		15A88D4320BB642B00BC6DFA /* Account+Helpers.swift in Sources */ = {isa = PBXBuildFile; fileRef = 15A88D1220BB642B00BC6DFA /* Account+Helpers.swift */; };
		15A88D4720BB642B00BC6DFA /* NSObject+AppDelegateTools.swift in Sources */ = {isa = PBXBuildFile; fileRef = 15A88D1720BB642B00BC6DFA /* NSObject+AppDelegateTools.swift */; };
		15A88D4820BB642B00BC6DFA /* UIImage+Defaults.swift in Sources */ = {isa = PBXBuildFile; fileRef = 15A88D1820BB642B00BC6DFA /* UIImage+Defaults.swift */; };
		15A88D4A20BB642B00BC6DFA /* AccountCoordinator.swift in Sources */ = {isa = PBXBuildFile; fileRef = 15A88D1B20BB642B00BC6DFA /* AccountCoordinator.swift */; };
		15A88D4B20BB642B00BC6DFA /* LoginCoordinator.swift in Sources */ = {isa = PBXBuildFile; fileRef = 15A88D1C20BB642B00BC6DFA /* LoginCoordinator.swift */; };
		15A88D4C20BB642B00BC6DFA /* AccountsCoordinator.swift in Sources */ = {isa = PBXBuildFile; fileRef = 15A88D1D20BB642B00BC6DFA /* AccountsCoordinator.swift */; };
		15A88D4D20BB642B00BC6DFA /* BaseCoordinator.swift in Sources */ = {isa = PBXBuildFile; fileRef = 15A88D1E20BB642B00BC6DFA /* BaseCoordinator.swift */; };
		15A88D4E20BB642B00BC6DFA /* AccountsListViewController.swift in Sources */ = {isa = PBXBuildFile; fileRef = 15A88D2120BB642B00BC6DFA /* AccountsListViewController.swift */; };
		15A88D4F20BB642B00BC6DFA /* AccountViewController.swift in Sources */ = {isa = PBXBuildFile; fileRef = 15A88D2220BB642B00BC6DFA /* AccountViewController.swift */; };
		15A88D5320BB642B00BC6DFA /* AccountTableViewCell.swift in Sources */ = {isa = PBXBuildFile; fileRef = 15A88D2A20BB642B00BC6DFA /* AccountTableViewCell.swift */; };
		15A88D5420BB642B00BC6DFA /* IconView.swift in Sources */ = {isa = PBXBuildFile; fileRef = 15A88D2C20BB642B00BC6DFA /* IconView.swift */; };
		15A88D5520BB642B00BC6DFA /* PrimaryButton.swift in Sources */ = {isa = PBXBuildFile; fileRef = 15A88D2E20BB642B00BC6DFA /* PrimaryButton.swift */; };
		15A88D5620BB642B00BC6DFA /* BadgeView.swift in Sources */ = {isa = PBXBuildFile; fileRef = 15A88D2F20BB642B00BC6DFA /* BadgeView.swift */; };
		15A88D5720BB642B00BC6DFA /* MenuTitleLabel.swift in Sources */ = {isa = PBXBuildFile; fileRef = 15A88D3120BB642B00BC6DFA /* MenuTitleLabel.swift */; };
		15A88D5820BB642B00BC6DFA /* CellTitleLabel.swift in Sources */ = {isa = PBXBuildFile; fileRef = 15A88D3220BB642B00BC6DFA /* CellTitleLabel.swift */; };
		15A88D5920BB642B00BC6DFA /* MenuSecondaryLabel.swift in Sources */ = {isa = PBXBuildFile; fileRef = 15A88D3320BB642B00BC6DFA /* MenuSecondaryLabel.swift */; };
		15A88D5A20BB642B00BC6DFA /* MainContentLabel.swift in Sources */ = {isa = PBXBuildFile; fileRef = 15A88D3420BB642B00BC6DFA /* MainContentLabel.swift */; };
		15A88D5B20BB642B00BC6DFA /* SmallTextLabel.swift in Sources */ = {isa = PBXBuildFile; fileRef = 15A88D3520BB642B00BC6DFA /* SmallTextLabel.swift */; };
		15A88D5C20BB642B00BC6DFA /* MenuMainLabel.swift in Sources */ = {isa = PBXBuildFile; fileRef = 15A88D3620BB642B00BC6DFA /* MenuMainLabel.swift */; };
		15A88D5D20BB642B00BC6DFA /* OnlineIcon.swift in Sources */ = {isa = PBXBuildFile; fileRef = 15A88D3720BB642B00BC6DFA /* OnlineIcon.swift */; };
		15A88D6120BB642B00BC6DFA /* LaunchScreen.storyboard in Resources */ = {isa = PBXBuildFile; fileRef = 15A88D3D20BB642B00BC6DFA /* LaunchScreen.storyboard */; };
		15A88D6420BB648600BC6DFA /* Account+CoreData.swift in Sources */ = {isa = PBXBuildFile; fileRef = 15A88D1420BB642B00BC6DFA /* Account+CoreData.swift */; };
		15A88D6520BB663600BC6DFA /* Boost.xcdatamodeld in Sources */ = {isa = PBXBuildFile; fileRef = 15A88D3F20BB642B00BC6DFA /* Boost.xcdatamodeld */; };
		15A88D6720BBFE5100BC6DFA /* AppDelegate+Tools.swift in Sources */ = {isa = PBXBuildFile; fileRef = 15A88D6620BBFE5100BC6DFA /* AppDelegate+Tools.swift */; };
		15A88D6E20BC01BD00BC6DFA /* Account+LastUsed.swift in Sources */ = {isa = PBXBuildFile; fileRef = 15A88D6D20BC01BD00BC6DFA /* Account+LastUsed.swift */; };
		15AD2A0820BC90D600E3A180 /* GradientView+Boost.swift in Sources */ = {isa = PBXBuildFile; fileRef = 15AD2A0720BC90D600E3A180 /* GradientView+Boost.swift */; };
		97FA9319146F821EDDFFBA4C /* Pods_Boost.framework in Frameworks */ = {isa = PBXBuildFile; fileRef = 25EFAC93C536767D25CF1F9E /* Pods_Boost.framework */; };
		C7B4CC0A914150ED05B25BC7 /* Pods_BoostTests.framework in Frameworks */ = {isa = PBXBuildFile; fileRef = 4807B2873DFA4EABA0244469 /* Pods_BoostTests.framework */; };
		E58AAFE6D0A27FF1F8BBF479 /* Pods_BoostUITests.framework in Frameworks */ = {isa = PBXBuildFile; fileRef = C65A5667F76DD8886B513297 /* Pods_BoostUITests.framework */; };
/* End PBXBuildFile section */

/* Begin PBXContainerItemProxy section */
		15A88CF420BB624C00BC6DFA /* PBXContainerItemProxy */ = {
			isa = PBXContainerItemProxy;
			containerPortal = 15A88CD720BB624A00BC6DFA /* Project object */;
			proxyType = 1;
			remoteGlobalIDString = 15A88CDE20BB624A00BC6DFA;
			remoteInfo = Boost;
		};
		15A88CFF20BB624C00BC6DFA /* PBXContainerItemProxy */ = {
			isa = PBXContainerItemProxy;
			containerPortal = 15A88CD720BB624A00BC6DFA /* Project object */;
			proxyType = 1;
			remoteGlobalIDString = 15A88CDE20BB624A00BC6DFA;
			remoteInfo = Boost;
		};
/* End PBXContainerItemProxy section */

/* Begin PBXFileReference section */
		15020BD220C17A4500BBADBD /* Base */ = {isa = PBXFileReference; lastKnownFileType = text.plist.strings; name = Base; path = Base.lproj/Localizable.strings; sourceTree = "<group>"; };
		15020BD520C1D71B00BBADBD /* LoginCoordinator+Registration.swift */ = {isa = PBXFileReference; lastKnownFileType = sourcecode.swift; path = "LoginCoordinator+Registration.swift"; sourceTree = "<group>"; };
		1545C38B20BC682C000449D3 /* LoginCoordinator+Onboarding.swift */ = {isa = PBXFileReference; lastKnownFileType = sourcecode.swift; path = "LoginCoordinator+Onboarding.swift"; sourceTree = "<group>"; };
		1546772520CDC5BE00E593B8 /* UIViewController+Navigation.swift */ = {isa = PBXFileReference; fileEncoding = 4; lastKnownFileType = sourcecode.swift; path = "UIViewController+Navigation.swift"; sourceTree = "<group>"; };
		1561D7B120C4393700BCA532 /* RegisterViewController.swift */ = {isa = PBXFileReference; lastKnownFileType = sourcecode.swift; path = RegisterViewController.swift; sourceTree = "<group>"; };
		1561D7B420C43A3900BCA532 /* GridViewController.swift */ = {isa = PBXFileReference; lastKnownFileType = sourcecode.swift; path = GridViewController.swift; sourceTree = "<group>"; };
		1561D7BC20C4855200BCA532 /* NavBarTitle.swift */ = {isa = PBXFileReference; fileEncoding = 4; lastKnownFileType = sourcecode.swift; path = NavBarTitle.swift; sourceTree = "<group>"; };
		1561D7C220C4894B00BCA532 /* ConfigurableController.swift */ = {isa = PBXFileReference; lastKnownFileType = sourcecode.swift; path = ConfigurableController.swift; sourceTree = "<group>"; };
		1561D7D520C58D2C00BCA532 /* PreloginView.swift */ = {isa = PBXFileReference; lastKnownFileType = sourcecode.swift; path = PreloginView.swift; sourceTree = "<group>"; };
		1561D7D720C596C000BCA532 /* MainAuthView.swift */ = {isa = PBXFileReference; lastKnownFileType = sourcecode.swift; path = MainAuthView.swift; sourceTree = "<group>"; };
		1563175420D0165C007E740C /* GridTableViewCell.swift */ = {isa = PBXFileReference; lastKnownFileType = sourcecode.swift; path = GridTableViewCell.swift; sourceTree = "<group>"; };
		1563175720D05F34007E740C /* Rubik-Bold.ttf */ = {isa = PBXFileReference; lastKnownFileType = file; path = "Rubik-Bold.ttf"; sourceTree = "<group>"; };
		1563175820D05F34007E740C /* Rubik-Light.ttf */ = {isa = PBXFileReference; lastKnownFileType = file; path = "Rubik-Light.ttf"; sourceTree = "<group>"; };
		1563175920D05F34007E740C /* Rubik-Medium.ttf */ = {isa = PBXFileReference; lastKnownFileType = file; path = "Rubik-Medium.ttf"; sourceTree = "<group>"; };
		1563175A20D05F34007E740C /* Rubik-Regular.ttf */ = {isa = PBXFileReference; lastKnownFileType = file; path = "Rubik-Regular.ttf"; sourceTree = "<group>"; };
		1563175F20D064BC007E740C /* NavigationViewController.swift */ = {isa = PBXFileReference; lastKnownFileType = sourcecode.swift; path = NavigationViewController.swift; sourceTree = "<group>"; };
		156AD83720CDCB78002672A4 /* Coordinator.swift */ = {isa = PBXFileReference; fileEncoding = 4; lastKnownFileType = sourcecode.swift; path = Coordinator.swift; sourceTree = "<group>"; };
		156AD83A20CEC57A002672A4 /* GenericTableHeaderView.swift */ = {isa = PBXFileReference; lastKnownFileType = sourcecode.swift; path = GenericTableHeaderView.swift; sourceTree = "<group>"; };
		156AD83D20CEC5FB002672A4 /* GridView.swift */ = {isa = PBXFileReference; lastKnownFileType = sourcecode.swift; path = GridView.swift; sourceTree = "<group>"; };
		156AD84120CECA4B002672A4 /* GridTableViewHeaderFooterView.swift */ = {isa = PBXFileReference; lastKnownFileType = sourcecode.swift; path = GridTableViewHeaderFooterView.swift; sourceTree = "<group>"; };
		157D35C920D9AC17005C01D1 /* Assets.xcassets */ = {isa = PBXFileReference; lastKnownFileType = folder.assetcatalog; path = Assets.xcassets; sourceTree = "<group>"; };
		157D35CB20D9B0B3005C01D1 /* UIImage+UIButton.swift */ = {isa = PBXFileReference; lastKnownFileType = sourcecode.swift; path = "UIImage+UIButton.swift"; sourceTree = "<group>"; };
		157D35CE20DA5D00005C01D1 /* AccountDataManager.swift */ = {isa = PBXFileReference; lastKnownFileType = sourcecode.swift; path = AccountDataManager.swift; sourceTree = "<group>"; };
		157D35D020DA80BE005C01D1 /* PresentableCollectionViewDataManager+Common.swift */ = {isa = PBXFileReference; lastKnownFileType = sourcecode.swift; path = "PresentableCollectionViewDataManager+Common.swift"; sourceTree = "<group>"; };
		157D35D420DA83E9005C01D1 /* AppLoadingCell.swift */ = {isa = PBXFileReference; lastKnownFileType = sourcecode.swift; path = AppLoadingCell.swift; sourceTree = "<group>"; };
		157D35E120DAB06C005C01D1 /* BuildLoadingCell.swift */ = {isa = PBXFileReference; lastKnownFileType = sourcecode.swift; path = BuildLoadingCell.swift; sourceTree = "<group>"; };
		157D35EC20DAB7AF005C01D1 /* GridCollectionReusableView.swift */ = {isa = PBXFileReference; fileEncoding = 4; lastKnownFileType = sourcecode.swift; path = GridCollectionReusableView.swift; sourceTree = "<group>"; };
		157D35ED20DAB7B0005C01D1 /* GridCollectionViewCell.swift */ = {isa = PBXFileReference; fileEncoding = 4; lastKnownFileType = sourcecode.swift; path = GridCollectionViewCell.swift; sourceTree = "<group>"; };
		157D35EF20DAB7B0005C01D1 /* GridScrollView.swift */ = {isa = PBXFileReference; fileEncoding = 4; lastKnownFileType = sourcecode.swift; path = GridScrollView.swift; sourceTree = "<group>"; };
		15A1171820C6DBE200CE4263 /* enterprise.json */ = {isa = PBXFileReference; fileEncoding = 4; lastKnownFileType = text.json; path = enterprise.json; sourceTree = SOURCE_ROOT; };
		15A1171C20C6DC4F00CE4263 /* EnterpriseSettings.swift */ = {isa = PBXFileReference; lastKnownFileType = sourcecode.swift; path = EnterpriseSettings.swift; sourceTree = "<group>"; };
		15A1171F20C6DD8E00CE4263 /* Enterprise.swift */ = {isa = PBXFileReference; lastKnownFileType = sourcecode.swift; path = Enterprise.swift; sourceTree = "<group>"; };
		15A1172120C6E31C00CE4263 /* Group+CoreData.swift */ = {isa = PBXFileReference; lastKnownFileType = sourcecode.swift; path = "Group+CoreData.swift"; sourceTree = "<group>"; };
		15A1172320C6E43800CE4263 /* Account+Enterprise.swift */ = {isa = PBXFileReference; lastKnownFileType = sourcecode.swift; path = "Account+Enterprise.swift"; sourceTree = "<group>"; };
		15A88CDF20BB624A00BC6DFA /* Boost.app */ = {isa = PBXFileReference; explicitFileType = wrapper.application; includeInIndex = 0; path = Boost.app; sourceTree = BUILT_PRODUCTS_DIR; };
		15A88CE220BB624A00BC6DFA /* AppDelegate.swift */ = {isa = PBXFileReference; lastKnownFileType = sourcecode.swift; path = AppDelegate.swift; sourceTree = "<group>"; };
		15A88CF320BB624C00BC6DFA /* BoostTests.xctest */ = {isa = PBXFileReference; explicitFileType = wrapper.cfbundle; includeInIndex = 0; path = BoostTests.xctest; sourceTree = BUILT_PRODUCTS_DIR; };
		15A88CF720BB624C00BC6DFA /* BoostTests.swift */ = {isa = PBXFileReference; lastKnownFileType = sourcecode.swift; path = BoostTests.swift; sourceTree = "<group>"; };
		15A88CF920BB624C00BC6DFA /* Info.plist */ = {isa = PBXFileReference; lastKnownFileType = text.plist.xml; path = Info.plist; sourceTree = "<group>"; };
		15A88CFE20BB624C00BC6DFA /* BoostUITests.xctest */ = {isa = PBXFileReference; explicitFileType = wrapper.cfbundle; includeInIndex = 0; path = BoostUITests.xctest; sourceTree = BUILT_PRODUCTS_DIR; };
		15A88D0220BB624C00BC6DFA /* BoostUITests.swift */ = {isa = PBXFileReference; lastKnownFileType = sourcecode.swift; path = BoostUITests.swift; sourceTree = "<group>"; };
		15A88D0420BB624C00BC6DFA /* Info.plist */ = {isa = PBXFileReference; lastKnownFileType = text.plist.xml; path = Info.plist; sourceTree = "<group>"; };
		15A88D1220BB642B00BC6DFA /* Account+Helpers.swift */ = {isa = PBXFileReference; fileEncoding = 4; lastKnownFileType = sourcecode.swift; path = "Account+Helpers.swift"; sourceTree = "<group>"; };
		15A88D1420BB642B00BC6DFA /* Account+CoreData.swift */ = {isa = PBXFileReference; fileEncoding = 4; lastKnownFileType = sourcecode.swift; path = "Account+CoreData.swift"; sourceTree = "<group>"; };
		15A88D1720BB642B00BC6DFA /* NSObject+AppDelegateTools.swift */ = {isa = PBXFileReference; fileEncoding = 4; lastKnownFileType = sourcecode.swift; path = "NSObject+AppDelegateTools.swift"; sourceTree = "<group>"; };
		15A88D1820BB642B00BC6DFA /* UIImage+Defaults.swift */ = {isa = PBXFileReference; fileEncoding = 4; lastKnownFileType = sourcecode.swift; path = "UIImage+Defaults.swift"; sourceTree = "<group>"; };
		15A88D1B20BB642B00BC6DFA /* AccountCoordinator.swift */ = {isa = PBXFileReference; fileEncoding = 4; lastKnownFileType = sourcecode.swift; path = AccountCoordinator.swift; sourceTree = "<group>"; };
		15A88D1C20BB642B00BC6DFA /* LoginCoordinator.swift */ = {isa = PBXFileReference; fileEncoding = 4; lastKnownFileType = sourcecode.swift; path = LoginCoordinator.swift; sourceTree = "<group>"; };
		15A88D1D20BB642B00BC6DFA /* AccountsCoordinator.swift */ = {isa = PBXFileReference; fileEncoding = 4; lastKnownFileType = sourcecode.swift; path = AccountsCoordinator.swift; sourceTree = "<group>"; };
		15A88D1E20BB642B00BC6DFA /* BaseCoordinator.swift */ = {isa = PBXFileReference; fileEncoding = 4; lastKnownFileType = sourcecode.swift; path = BaseCoordinator.swift; sourceTree = "<group>"; };
		15A88D2120BB642B00BC6DFA /* AccountsListViewController.swift */ = {isa = PBXFileReference; fileEncoding = 4; lastKnownFileType = sourcecode.swift; path = AccountsListViewController.swift; sourceTree = "<group>"; };
		15A88D2220BB642B00BC6DFA /* AccountViewController.swift */ = {isa = PBXFileReference; fileEncoding = 4; lastKnownFileType = sourcecode.swift; path = AccountViewController.swift; sourceTree = "<group>"; };
		15A88D2A20BB642B00BC6DFA /* AccountTableViewCell.swift */ = {isa = PBXFileReference; fileEncoding = 4; lastKnownFileType = sourcecode.swift; path = AccountTableViewCell.swift; sourceTree = "<group>"; };
		15A88D2C20BB642B00BC6DFA /* IconView.swift */ = {isa = PBXFileReference; fileEncoding = 4; lastKnownFileType = sourcecode.swift; path = IconView.swift; sourceTree = "<group>"; };
		15A88D2E20BB642B00BC6DFA /* PrimaryButton.swift */ = {isa = PBXFileReference; fileEncoding = 4; lastKnownFileType = sourcecode.swift; path = PrimaryButton.swift; sourceTree = "<group>"; };
		15A88D2F20BB642B00BC6DFA /* BadgeView.swift */ = {isa = PBXFileReference; fileEncoding = 4; lastKnownFileType = sourcecode.swift; path = BadgeView.swift; sourceTree = "<group>"; };
		15A88D3120BB642B00BC6DFA /* MenuTitleLabel.swift */ = {isa = PBXFileReference; fileEncoding = 4; lastKnownFileType = sourcecode.swift; path = MenuTitleLabel.swift; sourceTree = "<group>"; };
		15A88D3220BB642B00BC6DFA /* CellTitleLabel.swift */ = {isa = PBXFileReference; fileEncoding = 4; lastKnownFileType = sourcecode.swift; path = CellTitleLabel.swift; sourceTree = "<group>"; };
		15A88D3320BB642B00BC6DFA /* MenuSecondaryLabel.swift */ = {isa = PBXFileReference; fileEncoding = 4; lastKnownFileType = sourcecode.swift; path = MenuSecondaryLabel.swift; sourceTree = "<group>"; };
		15A88D3420BB642B00BC6DFA /* MainContentLabel.swift */ = {isa = PBXFileReference; fileEncoding = 4; lastKnownFileType = sourcecode.swift; path = MainContentLabel.swift; sourceTree = "<group>"; };
		15A88D3520BB642B00BC6DFA /* SmallTextLabel.swift */ = {isa = PBXFileReference; fileEncoding = 4; lastKnownFileType = sourcecode.swift; path = SmallTextLabel.swift; sourceTree = "<group>"; };
		15A88D3620BB642B00BC6DFA /* MenuMainLabel.swift */ = {isa = PBXFileReference; fileEncoding = 4; lastKnownFileType = sourcecode.swift; path = MenuMainLabel.swift; sourceTree = "<group>"; };
		15A88D3720BB642B00BC6DFA /* OnlineIcon.swift */ = {isa = PBXFileReference; fileEncoding = 4; lastKnownFileType = sourcecode.swift; path = OnlineIcon.swift; sourceTree = "<group>"; };
		15A88D3920BB642B00BC6DFA /* TextField.swift */ = {isa = PBXFileReference; fileEncoding = 4; lastKnownFileType = sourcecode.swift; path = TextField.swift; sourceTree = "<group>"; };
		15A88D3E20BB642B00BC6DFA /* Base */ = {isa = PBXFileReference; lastKnownFileType = file.storyboard; name = Base; path = Base.lproj/LaunchScreen.storyboard; sourceTree = "<group>"; };
		15A88D4020BB642B00BC6DFA /* BoostApp.xcdatamodel */ = {isa = PBXFileReference; lastKnownFileType = wrapper.xcdatamodel; path = BoostApp.xcdatamodel; sourceTree = "<group>"; };
		15A88D4120BB642B00BC6DFA /* Info.plist */ = {isa = PBXFileReference; fileEncoding = 4; lastKnownFileType = text.plist.xml; path = Info.plist; sourceTree = "<group>"; };
		15A88D6620BBFE5100BC6DFA /* AppDelegate+Tools.swift */ = {isa = PBXFileReference; lastKnownFileType = sourcecode.swift; path = "AppDelegate+Tools.swift"; sourceTree = "<group>"; };
		15A88D6D20BC01BD00BC6DFA /* Account+LastUsed.swift */ = {isa = PBXFileReference; lastKnownFileType = sourcecode.swift; path = "Account+LastUsed.swift"; sourceTree = "<group>"; };
		15AD2A0720BC90D600E3A180 /* GradientView+Boost.swift */ = {isa = PBXFileReference; lastKnownFileType = sourcecode.swift; path = "GradientView+Boost.swift"; sourceTree = "<group>"; };
		25EFAC93C536767D25CF1F9E /* Pods_Boost.framework */ = {isa = PBXFileReference; explicitFileType = wrapper.framework; includeInIndex = 0; path = Pods_Boost.framework; sourceTree = BUILT_PRODUCTS_DIR; };
		2FE73C990C65466820BCC059 /* Pods-Boost.debug.xcconfig */ = {isa = PBXFileReference; includeInIndex = 1; lastKnownFileType = text.xcconfig; name = "Pods-Boost.debug.xcconfig"; path = "Pods/Target Support Files/Pods-Boost/Pods-Boost.debug.xcconfig"; sourceTree = "<group>"; };
		4807B2873DFA4EABA0244469 /* Pods_BoostTests.framework */ = {isa = PBXFileReference; explicitFileType = wrapper.framework; includeInIndex = 0; path = Pods_BoostTests.framework; sourceTree = BUILT_PRODUCTS_DIR; };
		62991638382AE2F659F2DF3A /* Pods-Boost.release.xcconfig */ = {isa = PBXFileReference; includeInIndex = 1; lastKnownFileType = text.xcconfig; name = "Pods-Boost.release.xcconfig"; path = "Pods/Target Support Files/Pods-Boost/Pods-Boost.release.xcconfig"; sourceTree = "<group>"; };
		90E4024F9462CDC8BA4440C8 /* Pods-BoostTests.debug.xcconfig */ = {isa = PBXFileReference; includeInIndex = 1; lastKnownFileType = text.xcconfig; name = "Pods-BoostTests.debug.xcconfig"; path = "Pods/Target Support Files/Pods-BoostTests/Pods-BoostTests.debug.xcconfig"; sourceTree = "<group>"; };
		C65A5667F76DD8886B513297 /* Pods_BoostUITests.framework */ = {isa = PBXFileReference; explicitFileType = wrapper.framework; includeInIndex = 0; path = Pods_BoostUITests.framework; sourceTree = BUILT_PRODUCTS_DIR; };
		D39F05A6752C4B87BA4E9E2C /* Pods-BoostUITests.release.xcconfig */ = {isa = PBXFileReference; includeInIndex = 1; lastKnownFileType = text.xcconfig; name = "Pods-BoostUITests.release.xcconfig"; path = "Pods/Target Support Files/Pods-BoostUITests/Pods-BoostUITests.release.xcconfig"; sourceTree = "<group>"; };
		F7131598F7B799A5E51CE785 /* Pods-BoostTests.release.xcconfig */ = {isa = PBXFileReference; includeInIndex = 1; lastKnownFileType = text.xcconfig; name = "Pods-BoostTests.release.xcconfig"; path = "Pods/Target Support Files/Pods-BoostTests/Pods-BoostTests.release.xcconfig"; sourceTree = "<group>"; };
		FF57EAE198A4C386D577F7D3 /* Pods-BoostUITests.debug.xcconfig */ = {isa = PBXFileReference; includeInIndex = 1; lastKnownFileType = text.xcconfig; name = "Pods-BoostUITests.debug.xcconfig"; path = "Pods/Target Support Files/Pods-BoostUITests/Pods-BoostUITests.debug.xcconfig"; sourceTree = "<group>"; };
/* End PBXFileReference section */

/* Begin PBXFrameworksBuildPhase section */
		15A88CDC20BB624A00BC6DFA /* Frameworks */ = {
			isa = PBXFrameworksBuildPhase;
			buildActionMask = 2147483647;
			files = (
				97FA9319146F821EDDFFBA4C /* Pods_Boost.framework in Frameworks */,
			);
			runOnlyForDeploymentPostprocessing = 0;
		};
		15A88CF020BB624C00BC6DFA /* Frameworks */ = {
			isa = PBXFrameworksBuildPhase;
			buildActionMask = 2147483647;
			files = (
				C7B4CC0A914150ED05B25BC7 /* Pods_BoostTests.framework in Frameworks */,
			);
			runOnlyForDeploymentPostprocessing = 0;
		};
		15A88CFB20BB624C00BC6DFA /* Frameworks */ = {
			isa = PBXFrameworksBuildPhase;
			buildActionMask = 2147483647;
			files = (
				E58AAFE6D0A27FF1F8BBF479 /* Pods_BoostUITests.framework in Frameworks */,
			);
			runOnlyForDeploymentPostprocessing = 0;
		};
/* End PBXFrameworksBuildPhase section */

/* Begin PBXGroup section */
		1545C38A20BC6814000449D3 /* Factories */ = {
			isa = PBXGroup;
			children = (
				1545C38B20BC682C000449D3 /* LoginCoordinator+Onboarding.swift */,
				15020BD520C1D71B00BBADBD /* LoginCoordinator+Registration.swift */,
			);
			path = Factories;
			sourceTree = "<group>";
		};
		1546772320CDC59100E593B8 /* Base */ = {
			isa = PBXGroup;
			children = (
				156AD83620CDCB78002672A4 /* Coordinators */,
				1546772420CDC59E00E593B8 /* Extensions */,
			);
			path = Base;
			sourceTree = "<group>";
		};
		1546772420CDC59E00E593B8 /* Extensions */ = {
			isa = PBXGroup;
			children = (
				1546772520CDC5BE00E593B8 /* UIViewController+Navigation.swift */,
			);
			path = Extensions;
			sourceTree = "<group>";
		};
		1561D7B020C4391D00BCA532 /* Register */ = {
			isa = PBXGroup;
			children = (
				1561D7B120C4393700BCA532 /* RegisterViewController.swift */,
			);
			path = Register;
			sourceTree = "<group>";
		};
		1561D7B320C43A2000BCA532 /* Base */ = {
			isa = PBXGroup;
			children = (
				1561D7B420C43A3900BCA532 /* GridViewController.swift */,
				1563175F20D064BC007E740C /* NavigationViewController.swift */,
			);
			path = Base;
			sourceTree = "<group>";
		};
		1561D7BB20C4855200BCA532 /* NavBar */ = {
			isa = PBXGroup;
			children = (
				1561D7BC20C4855200BCA532 /* NavBarTitle.swift */,
			);
			path = NavBar;
			sourceTree = "<group>";
		};
		1561D7D420C58CF500BCA532 /* Login & registration */ = {
			isa = PBXGroup;
			children = (
				1561D7D520C58D2C00BCA532 /* PreloginView.swift */,
				1561D7D720C596C000BCA532 /* MainAuthView.swift */,
			);
			path = "Login & registration";
			sourceTree = "<group>";
		};
		1563175320D0164A007E740C /* Cells */ = {
			isa = PBXGroup;
			children = (
				157D35ED20DAB7B0005C01D1 /* GridCollectionViewCell.swift */,
				1563175420D0165C007E740C /* GridTableViewCell.swift */,
			);
			path = Cells;
			sourceTree = "<group>";
		};
		1563175620D05F34007E740C /* Fonts */ = {
			isa = PBXGroup;
			children = (
				1563175720D05F34007E740C /* Rubik-Bold.ttf */,
				1563175820D05F34007E740C /* Rubik-Light.ttf */,
				1563175920D05F34007E740C /* Rubik-Medium.ttf */,
				1563175A20D05F34007E740C /* Rubik-Regular.ttf */,
			);
			path = Fonts;
			sourceTree = "<group>";
		};
		156AD83620CDCB78002672A4 /* Coordinators */ = {
			isa = PBXGroup;
			children = (
				156AD83720CDCB78002672A4 /* Coordinator.swift */,
			);
			path = Coordinators;
			sourceTree = "<group>";
		};
		156AD83920CEC553002672A4 /* Headers */ = {
			isa = PBXGroup;
			children = (
				156AD83A20CEC57A002672A4 /* GenericTableHeaderView.swift */,
			);
			path = Headers;
			sourceTree = "<group>";
		};
		156AD83C20CEC5ED002672A4 /* Base */ = {
			isa = PBXGroup;
			children = (
				157D35F420DAB847005C01D1 /* Headers */,
				1563175320D0164A007E740C /* Cells */,
				157D35EF20DAB7B0005C01D1 /* GridScrollView.swift */,
				156AD83D20CEC5FB002672A4 /* GridView.swift */,
			);
			path = Base;
			sourceTree = "<group>";
		};
		157D35CD20DA5CD5005C01D1 /* Data managers */ = {
			isa = PBXGroup;
			children = (
				157D35CE20DA5D00005C01D1 /* AccountDataManager.swift */,
			);
			path = "Data managers";
			sourceTree = "<group>";
		};
		157D35D220DA83BA005C01D1 /* Preloading */ = {
			isa = PBXGroup;
			children = (
				157D35D420DA83E9005C01D1 /* AppLoadingCell.swift */,
				157D35E120DAB06C005C01D1 /* BuildLoadingCell.swift */,
			);
			path = Preloading;
			sourceTree = "<group>";
		};
		157D35F420DAB847005C01D1 /* Headers */ = {
			isa = PBXGroup;
			children = (
				157D35EC20DAB7AF005C01D1 /* GridCollectionReusableView.swift */,
				156AD84120CECA4B002672A4 /* GridTableViewHeaderFooterView.swift */,
			);
			path = Headers;
			sourceTree = "<group>";
		};
		15A1171A20C6DC0100CE4263 /* Model */ = {
			isa = PBXGroup;
			children = (
				15A1171B20C6DC2F00CE4263 /* Enterprise */,
			);
			path = Model;
			sourceTree = "<group>";
		};
		15A1171B20C6DC2F00CE4263 /* Enterprise */ = {
			isa = PBXGroup;
			children = (
				15A1171C20C6DC4F00CE4263 /* EnterpriseSettings.swift */,
			);
			path = Enterprise;
			sourceTree = "<group>";
		};
		15A1171E20C6DD7500CE4263 /* Libs */ = {
			isa = PBXGroup;
			children = (
				157D35CD20DA5CD5005C01D1 /* Data managers */,
				15A1171F20C6DD8E00CE4263 /* Enterprise.swift */,
			);
			path = Libs;
			sourceTree = "<group>";
		};
		15A88CD620BB624A00BC6DFA = {
			isa = PBXGroup;
			children = (
				15A88CE120BB624A00BC6DFA /* Boost */,
				15A88CF620BB624C00BC6DFA /* BoostTests */,
				15A88D0120BB624C00BC6DFA /* BoostUITests */,
				15A88CE020BB624A00BC6DFA /* Products */,
				599E1A9BFCA760499C286AB2 /* Pods */,
				DCBA9CD17EABD16D65F17269 /* Frameworks */,
			);
			sourceTree = "<group>";
		};
		15A88CE020BB624A00BC6DFA /* Products */ = {
			isa = PBXGroup;
			children = (
				15A88CDF20BB624A00BC6DFA /* Boost.app */,
				15A88CF320BB624C00BC6DFA /* BoostTests.xctest */,
				15A88CFE20BB624C00BC6DFA /* BoostUITests.xctest */,
			);
			name = Products;
			sourceTree = "<group>";
		};
		15A88CE120BB624A00BC6DFA /* Boost */ = {
			isa = PBXGroup;
			children = (
				1546772320CDC59100E593B8 /* Base */,
				15A1171E20C6DD7500CE4263 /* Libs */,
				15A1171A20C6DC0100CE4263 /* Model */,
				15A88D7420BC131000BC6DFA /* Protocols */,
				15A88D1A20BB642B00BC6DFA /* Coordinators */,
				15A88D1520BB642B00BC6DFA /* Extensions */,
				15A88D2820BB642B00BC6DFA /* Views */,
				15A88D1F20BB642B00BC6DFA /* View controllers */,
				15A88CE220BB624A00BC6DFA /* AppDelegate.swift */,
				15A88D3B20BB642B00BC6DFA /* Supporting files */,
			);
			path = Boost;
			sourceTree = "<group>";
		};
		15A88CF620BB624C00BC6DFA /* BoostTests */ = {
			isa = PBXGroup;
			children = (
				15A88CF720BB624C00BC6DFA /* BoostTests.swift */,
				15A88CF920BB624C00BC6DFA /* Info.plist */,
			);
			path = BoostTests;
			sourceTree = "<group>";
		};
		15A88D0120BB624C00BC6DFA /* BoostUITests */ = {
			isa = PBXGroup;
			children = (
				15A88D0220BB624C00BC6DFA /* BoostUITests.swift */,
				15A88D0420BB624C00BC6DFA /* Info.plist */,
			);
			path = BoostUITests;
			sourceTree = "<group>";
		};
		15A88D1520BB642B00BC6DFA /* Extensions */ = {
			isa = PBXGroup;
			children = (
				15A88D6C20BC018F00BC6DFA /* AppDelegate */,
				15A88D6B20BC017D00BC6DFA /* Colors & images */,
				15A88D6A20BC017400BC6DFA /* CoreData */,
				157D35D020DA80BE005C01D1 /* PresentableCollectionViewDataManager+Common.swift */,
			);
			path = Extensions;
			sourceTree = "<group>";
		};
		15A88D1A20BB642B00BC6DFA /* Coordinators */ = {
			isa = PBXGroup;
			children = (
				1545C38A20BC6814000449D3 /* Factories */,
				15A88D1E20BB642B00BC6DFA /* BaseCoordinator.swift */,
				15A88D1B20BB642B00BC6DFA /* AccountCoordinator.swift */,
				15A88D1C20BB642B00BC6DFA /* LoginCoordinator.swift */,
				15A88D1D20BB642B00BC6DFA /* AccountsCoordinator.swift */,
			);
			path = Coordinators;
			sourceTree = "<group>";
		};
		15A88D1F20BB642B00BC6DFA /* View controllers */ = {
			isa = PBXGroup;
			children = (
				15A88D2020BB642B00BC6DFA /* Account */,
				1561D7B020C4391D00BCA532 /* Register */,
				1561D7B320C43A2000BCA532 /* Base */,
			);
			path = "View controllers";
			sourceTree = "<group>";
		};
		15A88D2020BB642B00BC6DFA /* Account */ = {
			isa = PBXGroup;
			children = (
				15A88D2120BB642B00BC6DFA /* AccountsListViewController.swift */,
				15A88D2220BB642B00BC6DFA /* AccountViewController.swift */,
			);
			path = Account;
			sourceTree = "<group>";
		};
		15A88D2820BB642B00BC6DFA /* Views */ = {
			isa = PBXGroup;
			children = (
				156AD83C20CEC5ED002672A4 /* Base */,
				1561D7D420C58CF500BCA532 /* Login & registration */,
				156AD83920CEC553002672A4 /* Headers */,
				15A88D2920BB642B00BC6DFA /* Cells */,
				15A88D2B20BB642B00BC6DFA /* Elements */,
			);
			path = Views;
			sourceTree = "<group>";
		};
		15A88D2920BB642B00BC6DFA /* Cells */ = {
			isa = PBXGroup;
			children = (
				157D35D220DA83BA005C01D1 /* Preloading */,
				15A88D2A20BB642B00BC6DFA /* AccountTableViewCell.swift */,
			);
			path = Cells;
			sourceTree = "<group>";
		};
		15A88D2B20BB642B00BC6DFA /* Elements */ = {
			isa = PBXGroup;
			children = (
				1561D7BB20C4855200BCA532 /* NavBar */,
				15A88D2C20BB642B00BC6DFA /* IconView.swift */,
				15A88D2D20BB642B00BC6DFA /* Buttons */,
				15A88D2F20BB642B00BC6DFA /* BadgeView.swift */,
				15A88D3020BB642B00BC6DFA /* Labels */,
				15A88D3720BB642B00BC6DFA /* OnlineIcon.swift */,
				15A88D3820BB642B00BC6DFA /* Text inputs */,
			);
			path = Elements;
			sourceTree = "<group>";
		};
		15A88D2D20BB642B00BC6DFA /* Buttons */ = {
			isa = PBXGroup;
			children = (
				15A88D2E20BB642B00BC6DFA /* PrimaryButton.swift */,
			);
			path = Buttons;
			sourceTree = "<group>";
		};
		15A88D3020BB642B00BC6DFA /* Labels */ = {
			isa = PBXGroup;
			children = (
				15A88D3120BB642B00BC6DFA /* MenuTitleLabel.swift */,
				15A88D3220BB642B00BC6DFA /* CellTitleLabel.swift */,
				15A88D3320BB642B00BC6DFA /* MenuSecondaryLabel.swift */,
				15A88D3420BB642B00BC6DFA /* MainContentLabel.swift */,
				15A88D3520BB642B00BC6DFA /* SmallTextLabel.swift */,
				15A88D3620BB642B00BC6DFA /* MenuMainLabel.swift */,
			);
			path = Labels;
			sourceTree = "<group>";
		};
		15A88D3820BB642B00BC6DFA /* Text inputs */ = {
			isa = PBXGroup;
			children = (
				15A88D3920BB642B00BC6DFA /* TextField.swift */,
			);
			path = "Text inputs";
			sourceTree = "<group>";
		};
		15A88D3B20BB642B00BC6DFA /* Supporting files */ = {
			isa = PBXGroup;
			children = (
				157D35C920D9AC17005C01D1 /* Assets.xcassets */,
				1563175620D05F34007E740C /* Fonts */,
				15A1171820C6DBE200CE4263 /* enterprise.json */,
				15A88D3D20BB642B00BC6DFA /* LaunchScreen.storyboard */,
				15A88D3F20BB642B00BC6DFA /* Boost.xcdatamodeld */,
				15A88D4120BB642B00BC6DFA /* Info.plist */,
				15020B2020C15ABA00BBADBD /* Localizable.strings */,
			);
			path = "Supporting files";
			sourceTree = "<group>";
		};
		15A88D6A20BC017400BC6DFA /* CoreData */ = {
			isa = PBXGroup;
			children = (
				15A88D1220BB642B00BC6DFA /* Account+Helpers.swift */,
				15A88D1420BB642B00BC6DFA /* Account+CoreData.swift */,
				15A88D6D20BC01BD00BC6DFA /* Account+LastUsed.swift */,
				15A1172120C6E31C00CE4263 /* Group+CoreData.swift */,
				15A1172320C6E43800CE4263 /* Account+Enterprise.swift */,
			);
			path = CoreData;
			sourceTree = "<group>";
		};
		15A88D6B20BC017D00BC6DFA /* Colors & images */ = {
			isa = PBXGroup;
			children = (
				15A88D1820BB642B00BC6DFA /* UIImage+Defaults.swift */,
				15AD2A0720BC90D600E3A180 /* GradientView+Boost.swift */,
				157D35CB20D9B0B3005C01D1 /* UIImage+UIButton.swift */,
			);
			path = "Colors & images";
			sourceTree = "<group>";
		};
		15A88D6C20BC018F00BC6DFA /* AppDelegate */ = {
			isa = PBXGroup;
			children = (
				15A88D1720BB642B00BC6DFA /* NSObject+AppDelegateTools.swift */,
				15A88D6620BBFE5100BC6DFA /* AppDelegate+Tools.swift */,
			);
			path = AppDelegate;
			sourceTree = "<group>";
		};
		15A88D7420BC131000BC6DFA /* Protocols */ = {
			isa = PBXGroup;
			children = (
				1561D7C220C4894B00BCA532 /* ConfigurableController.swift */,
			);
			path = Protocols;
			sourceTree = "<group>";
		};
		599E1A9BFCA760499C286AB2 /* Pods */ = {
			isa = PBXGroup;
			children = (
				2FE73C990C65466820BCC059 /* Pods-Boost.debug.xcconfig */,
				62991638382AE2F659F2DF3A /* Pods-Boost.release.xcconfig */,
				90E4024F9462CDC8BA4440C8 /* Pods-BoostTests.debug.xcconfig */,
				F7131598F7B799A5E51CE785 /* Pods-BoostTests.release.xcconfig */,
				FF57EAE198A4C386D577F7D3 /* Pods-BoostUITests.debug.xcconfig */,
				D39F05A6752C4B87BA4E9E2C /* Pods-BoostUITests.release.xcconfig */,
			);
			name = Pods;
			sourceTree = "<group>";
		};
		DCBA9CD17EABD16D65F17269 /* Frameworks */ = {
			isa = PBXGroup;
			children = (
				25EFAC93C536767D25CF1F9E /* Pods_Boost.framework */,
				4807B2873DFA4EABA0244469 /* Pods_BoostTests.framework */,
				C65A5667F76DD8886B513297 /* Pods_BoostUITests.framework */,
			);
			name = Frameworks;
			sourceTree = "<group>";
		};
/* End PBXGroup section */

/* Begin PBXNativeTarget section */
		15A88CDE20BB624A00BC6DFA /* Boost */ = {
			isa = PBXNativeTarget;
			buildConfigurationList = 15A88D0720BB624C00BC6DFA /* Build configuration list for PBXNativeTarget "Boost" */;
			buildPhases = (
				002DD5764E944AF4C07B6742 /* [CP] Check Pods Manifest.lock */,
				15A88CDB20BB624A00BC6DFA /* Sources */,
				15A88CDC20BB624A00BC6DFA /* Frameworks */,
				15A88CDD20BB624A00BC6DFA /* Resources */,
				F09B8B95AA76265174B2BE18 /* [CP] Embed Pods Frameworks */,
			);
			buildRules = (
			);
			dependencies = (
			);
			name = Boost;
			productName = Boost;
			productReference = 15A88CDF20BB624A00BC6DFA /* Boost.app */;
			productType = "com.apple.product-type.application";
		};
		15A88CF220BB624C00BC6DFA /* BoostTests */ = {
			isa = PBXNativeTarget;
			buildConfigurationList = 15A88D0A20BB624C00BC6DFA /* Build configuration list for PBXNativeTarget "BoostTests" */;
			buildPhases = (
				225B633FF5EA00B7CA29A5EF /* [CP] Check Pods Manifest.lock */,
				15A88CEF20BB624C00BC6DFA /* Sources */,
				15A88CF020BB624C00BC6DFA /* Frameworks */,
				15A88CF120BB624C00BC6DFA /* Resources */,
				FEFE60F0CFA00761109379A3 /* [CP] Embed Pods Frameworks */,
			);
			buildRules = (
			);
			dependencies = (
				15A88CF520BB624C00BC6DFA /* PBXTargetDependency */,
			);
			name = BoostTests;
			productName = BoostTests;
			productReference = 15A88CF320BB624C00BC6DFA /* BoostTests.xctest */;
			productType = "com.apple.product-type.bundle.unit-test";
		};
		15A88CFD20BB624C00BC6DFA /* BoostUITests */ = {
			isa = PBXNativeTarget;
			buildConfigurationList = 15A88D0D20BB624C00BC6DFA /* Build configuration list for PBXNativeTarget "BoostUITests" */;
			buildPhases = (
				60B0C4F39D4B8B76A4A3BEF0 /* [CP] Check Pods Manifest.lock */,
				15A88CFA20BB624C00BC6DFA /* Sources */,
				15A88CFB20BB624C00BC6DFA /* Frameworks */,
				15A88CFC20BB624C00BC6DFA /* Resources */,
			);
			buildRules = (
			);
			dependencies = (
				15A88D0020BB624C00BC6DFA /* PBXTargetDependency */,
			);
			name = BoostUITests;
			productName = BoostUITests;
			productReference = 15A88CFE20BB624C00BC6DFA /* BoostUITests.xctest */;
			productType = "com.apple.product-type.bundle.ui-testing";
		};
/* End PBXNativeTarget section */

/* Begin PBXProject section */
		15A88CD720BB624A00BC6DFA /* Project object */ = {
			isa = PBXProject;
			attributes = {
				LastSwiftUpdateCheck = 0930;
				LastUpgradeCheck = 0930;
				ORGANIZATIONNAME = LiveUI;
				TargetAttributes = {
					15A88CDE20BB624A00BC6DFA = {
						CreatedOnToolsVersion = 9.3;
						LastSwiftMigration = 1000;
					};
					15A88CF220BB624C00BC6DFA = {
						CreatedOnToolsVersion = 9.3;
						LastSwiftMigration = 1000;
						TestTargetID = 15A88CDE20BB624A00BC6DFA;
					};
					15A88CFD20BB624C00BC6DFA = {
						CreatedOnToolsVersion = 9.3;
						LastSwiftMigration = 1000;
						TestTargetID = 15A88CDE20BB624A00BC6DFA;
					};
				};
			};
			buildConfigurationList = 15A88CDA20BB624A00BC6DFA /* Build configuration list for PBXProject "Boost" */;
			compatibilityVersion = "Xcode 9.3";
			developmentRegion = en;
			hasScannedForEncodings = 0;
			knownRegions = (
				en,
				Base,
			);
			mainGroup = 15A88CD620BB624A00BC6DFA;
			productRefGroup = 15A88CE020BB624A00BC6DFA /* Products */;
			projectDirPath = "";
			projectRoot = "";
			targets = (
				15A88CDE20BB624A00BC6DFA /* Boost */,
				15A88CF220BB624C00BC6DFA /* BoostTests */,
				15A88CFD20BB624C00BC6DFA /* BoostUITests */,
			);
		};
/* End PBXProject section */

/* Begin PBXResourcesBuildPhase section */
		15A88CDD20BB624A00BC6DFA /* Resources */ = {
			isa = PBXResourcesBuildPhase;
			buildActionMask = 2147483647;
			files = (
				15A1171920C6DBE200CE4263 /* enterprise.json in Resources */,
				1563175E20D05F34007E740C /* Rubik-Regular.ttf in Resources */,
				1563175C20D05F34007E740C /* Rubik-Light.ttf in Resources */,
				15A88D6120BB642B00BC6DFA /* LaunchScreen.storyboard in Resources */,
				15020B1E20C15ABA00BBADBD /* Localizable.strings in Resources */,
				1563175B20D05F34007E740C /* Rubik-Bold.ttf in Resources */,
				157D35CA20D9AC17005C01D1 /* Assets.xcassets in Resources */,
				1563175D20D05F34007E740C /* Rubik-Medium.ttf in Resources */,
			);
			runOnlyForDeploymentPostprocessing = 0;
		};
		15A88CF120BB624C00BC6DFA /* Resources */ = {
			isa = PBXResourcesBuildPhase;
			buildActionMask = 2147483647;
			files = (
			);
			runOnlyForDeploymentPostprocessing = 0;
		};
		15A88CFC20BB624C00BC6DFA /* Resources */ = {
			isa = PBXResourcesBuildPhase;
			buildActionMask = 2147483647;
			files = (
			);
			runOnlyForDeploymentPostprocessing = 0;
		};
/* End PBXResourcesBuildPhase section */

/* Begin PBXShellScriptBuildPhase section */
		002DD5764E944AF4C07B6742 /* [CP] Check Pods Manifest.lock */ = {
			isa = PBXShellScriptBuildPhase;
			buildActionMask = 2147483647;
			files = (
			);
			inputPaths = (
				"${PODS_PODFILE_DIR_PATH}/Podfile.lock",
				"${PODS_ROOT}/Manifest.lock",
			);
			name = "[CP] Check Pods Manifest.lock";
			outputPaths = (
				"$(DERIVED_FILE_DIR)/Pods-Boost-checkManifestLockResult.txt",
			);
			runOnlyForDeploymentPostprocessing = 0;
			shellPath = /bin/sh;
			shellScript = "diff \"${PODS_PODFILE_DIR_PATH}/Podfile.lock\" \"${PODS_ROOT}/Manifest.lock\" > /dev/null\nif [ $? != 0 ] ; then\n    # print error to STDERR\n    echo \"error: The sandbox is not in sync with the Podfile.lock. Run 'pod install' or update your CocoaPods installation.\" >&2\n    exit 1\nfi\n# This output is used by Xcode 'outputs' to avoid re-running this script phase.\necho \"SUCCESS\" > \"${SCRIPT_OUTPUT_FILE_0}\"\n";
			showEnvVarsInLog = 0;
		};
		225B633FF5EA00B7CA29A5EF /* [CP] Check Pods Manifest.lock */ = {
			isa = PBXShellScriptBuildPhase;
			buildActionMask = 2147483647;
			files = (
			);
			inputPaths = (
				"${PODS_PODFILE_DIR_PATH}/Podfile.lock",
				"${PODS_ROOT}/Manifest.lock",
			);
			name = "[CP] Check Pods Manifest.lock";
			outputPaths = (
				"$(DERIVED_FILE_DIR)/Pods-BoostTests-checkManifestLockResult.txt",
			);
			runOnlyForDeploymentPostprocessing = 0;
			shellPath = /bin/sh;
			shellScript = "diff \"${PODS_PODFILE_DIR_PATH}/Podfile.lock\" \"${PODS_ROOT}/Manifest.lock\" > /dev/null\nif [ $? != 0 ] ; then\n    # print error to STDERR\n    echo \"error: The sandbox is not in sync with the Podfile.lock. Run 'pod install' or update your CocoaPods installation.\" >&2\n    exit 1\nfi\n# This output is used by Xcode 'outputs' to avoid re-running this script phase.\necho \"SUCCESS\" > \"${SCRIPT_OUTPUT_FILE_0}\"\n";
			showEnvVarsInLog = 0;
		};
		60B0C4F39D4B8B76A4A3BEF0 /* [CP] Check Pods Manifest.lock */ = {
			isa = PBXShellScriptBuildPhase;
			buildActionMask = 2147483647;
			files = (
			);
			inputPaths = (
				"${PODS_PODFILE_DIR_PATH}/Podfile.lock",
				"${PODS_ROOT}/Manifest.lock",
			);
			name = "[CP] Check Pods Manifest.lock";
			outputPaths = (
				"$(DERIVED_FILE_DIR)/Pods-BoostUITests-checkManifestLockResult.txt",
			);
			runOnlyForDeploymentPostprocessing = 0;
			shellPath = /bin/sh;
			shellScript = "diff \"${PODS_PODFILE_DIR_PATH}/Podfile.lock\" \"${PODS_ROOT}/Manifest.lock\" > /dev/null\nif [ $? != 0 ] ; then\n    # print error to STDERR\n    echo \"error: The sandbox is not in sync with the Podfile.lock. Run 'pod install' or update your CocoaPods installation.\" >&2\n    exit 1\nfi\n# This output is used by Xcode 'outputs' to avoid re-running this script phase.\necho \"SUCCESS\" > \"${SCRIPT_OUTPUT_FILE_0}\"\n";
			showEnvVarsInLog = 0;
		};
		F09B8B95AA76265174B2BE18 /* [CP] Embed Pods Frameworks */ = {
			isa = PBXShellScriptBuildPhase;
			buildActionMask = 2147483647;
			files = (
			);
			inputPaths = (
				"${SRCROOT}/Pods/Target Support Files/Pods-Boost/Pods-Boost-frameworks.sh",
				"${BUILT_PRODUCTS_DIR}/AwesomeEnum/AwesomeEnum.framework",
				"${BUILT_PRODUCTS_DIR}/Base/Base.framework",
				"${BUILT_PRODUCTS_DIR}/BoostSDK/BoostSDK.framework",
				"${BUILT_PRODUCTS_DIR}/Hagrid/Hagrid.framework",
				"${BUILT_PRODUCTS_DIR}/MarcoPolo/MarcoPolo.framework",
				"${BUILT_PRODUCTS_DIR}/Modular/Modular.framework",
				"${BUILT_PRODUCTS_DIR}/Presentables/Presentables.framework",
				"${BUILT_PRODUCTS_DIR}/Reloaded/Reloaded.framework",
				"${BUILT_PRODUCTS_DIR}/SnapKit/SnapKit.framework",
			);
			name = "[CP] Embed Pods Frameworks";
			outputPaths = (
				"${TARGET_BUILD_DIR}/${FRAMEWORKS_FOLDER_PATH}/AwesomeEnum.framework",
				"${TARGET_BUILD_DIR}/${FRAMEWORKS_FOLDER_PATH}/Base.framework",
				"${TARGET_BUILD_DIR}/${FRAMEWORKS_FOLDER_PATH}/BoostSDK.framework",
				"${TARGET_BUILD_DIR}/${FRAMEWORKS_FOLDER_PATH}/Hagrid.framework",
				"${TARGET_BUILD_DIR}/${FRAMEWORKS_FOLDER_PATH}/MarcoPolo.framework",
				"${TARGET_BUILD_DIR}/${FRAMEWORKS_FOLDER_PATH}/Modular.framework",
				"${TARGET_BUILD_DIR}/${FRAMEWORKS_FOLDER_PATH}/Presentables.framework",
				"${TARGET_BUILD_DIR}/${FRAMEWORKS_FOLDER_PATH}/Reloaded.framework",
				"${TARGET_BUILD_DIR}/${FRAMEWORKS_FOLDER_PATH}/SnapKit.framework",
			);
			runOnlyForDeploymentPostprocessing = 0;
			shellPath = /bin/sh;
			shellScript = "\"${SRCROOT}/Pods/Target Support Files/Pods-Boost/Pods-Boost-frameworks.sh\"\n";
			showEnvVarsInLog = 0;
		};
		FEFE60F0CFA00761109379A3 /* [CP] Embed Pods Frameworks */ = {
			isa = PBXShellScriptBuildPhase;
			buildActionMask = 2147483647;
			files = (
			);
			inputPaths = (
				"${SRCROOT}/Pods/Target Support Files/Pods-BoostTests/Pods-BoostTests-frameworks.sh",
				"${BUILT_PRODUCTS_DIR}/SpecTools/SpecTools.framework",
			);
			name = "[CP] Embed Pods Frameworks";
			outputPaths = (
				"${TARGET_BUILD_DIR}/${FRAMEWORKS_FOLDER_PATH}/SpecTools.framework",
			);
			runOnlyForDeploymentPostprocessing = 0;
			shellPath = /bin/sh;
			shellScript = "\"${SRCROOT}/Pods/Target Support Files/Pods-BoostTests/Pods-BoostTests-frameworks.sh\"\n";
			showEnvVarsInLog = 0;
		};
/* End PBXShellScriptBuildPhase section */

/* Begin PBXSourcesBuildPhase section */
		15A88CDB20BB624A00BC6DFA /* Sources */ = {
			isa = PBXSourcesBuildPhase;
			buildActionMask = 2147483647;
			files = (
				156AD83B20CEC57A002672A4 /* GenericTableHeaderView.swift in Sources */,
				15A88D5420BB642B00BC6DFA /* IconView.swift in Sources */,
				15A88D6720BBFE5100BC6DFA /* AppDelegate+Tools.swift in Sources */,
				1563176020D064BC007E740C /* NavigationViewController.swift in Sources */,
				15A88D5C20BB642B00BC6DFA /* MenuMainLabel.swift in Sources */,
				15A88D4F20BB642B00BC6DFA /* AccountViewController.swift in Sources */,
				15A1172020C6DD8E00CE4263 /* Enterprise.swift in Sources */,
				15020BD620C1D71B00BBADBD /* LoginCoordinator+Registration.swift in Sources */,
				157D35F120DAB7B0005C01D1 /* GridCollectionViewCell.swift in Sources */,
				157D35F620DABADB005C01D1 /* GridTableViewHeaderFooterView.swift in Sources */,
				15A88D6420BB648600BC6DFA /* Account+CoreData.swift in Sources */,
				15A88D4720BB642B00BC6DFA /* NSObject+AppDelegateTools.swift in Sources */,
				157D35D520DA83E9005C01D1 /* AppLoadingCell.swift in Sources */,
				15A88D5820BB642B00BC6DFA /* CellTitleLabel.swift in Sources */,
				157D35CF20DA5D00005C01D1 /* AccountDataManager.swift in Sources */,
				156AD83E20CEC5FB002672A4 /* GridView.swift in Sources */,
				1561D7BD20C4855200BCA532 /* NavBarTitle.swift in Sources */,
				15A88D5620BB642B00BC6DFA /* BadgeView.swift in Sources */,
				15A88D5720BB642B00BC6DFA /* MenuTitleLabel.swift in Sources */,
				15A88D4E20BB642B00BC6DFA /* AccountsListViewController.swift in Sources */,
				157D35D120DA80BE005C01D1 /* PresentableCollectionViewDataManager+Common.swift in Sources */,
				15A88D4820BB642B00BC6DFA /* UIImage+Defaults.swift in Sources */,
				15A88D6E20BC01BD00BC6DFA /* Account+LastUsed.swift in Sources */,
				15A88D5B20BB642B00BC6DFA /* SmallTextLabel.swift in Sources */,
				1561D7C320C4894B00BCA532 /* ConfigurableController.swift in Sources */,
				15A88D5A20BB642B00BC6DFA /* MainContentLabel.swift in Sources */,
				15A88D4B20BB642B00BC6DFA /* LoginCoordinator.swift in Sources */,
				157D35F020DAB7B0005C01D1 /* GridCollectionReusableView.swift in Sources */,
				15A88D5920BB642B00BC6DFA /* MenuSecondaryLabel.swift in Sources */,
				157D35CC20D9B0B3005C01D1 /* UIImage+UIButton.swift in Sources */,
				15A88D5520BB642B00BC6DFA /* PrimaryButton.swift in Sources */,
				15A88D4C20BB642B00BC6DFA /* AccountsCoordinator.swift in Sources */,
				15A88D5320BB642B00BC6DFA /* AccountTableViewCell.swift in Sources */,
				1561D7B220C4393700BCA532 /* RegisterViewController.swift in Sources */,
				1546772620CDC5BE00E593B8 /* UIViewController+Navigation.swift in Sources */,
				1561D7D820C596C000BCA532 /* MainAuthView.swift in Sources */,
				15A88D4A20BB642B00BC6DFA /* AccountCoordinator.swift in Sources */,
				15A88CE320BB624A00BC6DFA /* AppDelegate.swift in Sources */,
				1561D7B520C43A3900BCA532 /* GridViewController.swift in Sources */,
				15A88D6520BB663600BC6DFA /* Boost.xcdatamodeld in Sources */,
				15A1171D20C6DC4F00CE4263 /* EnterpriseSettings.swift in Sources */,
				15A88D4D20BB642B00BC6DFA /* BaseCoordinator.swift in Sources */,
				156AD83820CDCB78002672A4 /* Coordinator.swift in Sources */,
				15A88D5D20BB642B00BC6DFA /* OnlineIcon.swift in Sources */,
				157D35E220DAB06C005C01D1 /* BuildLoadingCell.swift in Sources */,
				15A1172220C6E31C00CE4263 /* Group+CoreData.swift in Sources */,
				1545C38C20BC682C000449D3 /* LoginCoordinator+Onboarding.swift in Sources */,
				1563175520D0165C007E740C /* GridTableViewCell.swift in Sources */,
				15AD2A0820BC90D600E3A180 /* GradientView+Boost.swift in Sources */,
				1561D7D620C58D2C00BCA532 /* PreloginView.swift in Sources */,
				15A1172420C6E43800CE4263 /* Account+Enterprise.swift in Sources */,
				157D35F320DAB7B0005C01D1 /* GridScrollView.swift in Sources */,
				15A88D4320BB642B00BC6DFA /* Account+Helpers.swift in Sources */,
			);
			runOnlyForDeploymentPostprocessing = 0;
		};
		15A88CEF20BB624C00BC6DFA /* Sources */ = {
			isa = PBXSourcesBuildPhase;
			buildActionMask = 2147483647;
			files = (
				15A88CF820BB624C00BC6DFA /* BoostTests.swift in Sources */,
			);
			runOnlyForDeploymentPostprocessing = 0;
		};
		15A88CFA20BB624C00BC6DFA /* Sources */ = {
			isa = PBXSourcesBuildPhase;
			buildActionMask = 2147483647;
			files = (
				15A88D0320BB624C00BC6DFA /* BoostUITests.swift in Sources */,
			);
			runOnlyForDeploymentPostprocessing = 0;
		};
/* End PBXSourcesBuildPhase section */

/* Begin PBXTargetDependency section */
		15A88CF520BB624C00BC6DFA /* PBXTargetDependency */ = {
			isa = PBXTargetDependency;
			target = 15A88CDE20BB624A00BC6DFA /* Boost */;
			targetProxy = 15A88CF420BB624C00BC6DFA /* PBXContainerItemProxy */;
		};
		15A88D0020BB624C00BC6DFA /* PBXTargetDependency */ = {
			isa = PBXTargetDependency;
			target = 15A88CDE20BB624A00BC6DFA /* Boost */;
			targetProxy = 15A88CFF20BB624C00BC6DFA /* PBXContainerItemProxy */;
		};
/* End PBXTargetDependency section */

/* Begin PBXVariantGroup section */
		15020B2020C15ABA00BBADBD /* Localizable.strings */ = {
			isa = PBXVariantGroup;
			children = (
				15020BD220C17A4500BBADBD /* Base */,
			);
			name = Localizable.strings;
			sourceTree = "<group>";
		};
		15A88D3D20BB642B00BC6DFA /* LaunchScreen.storyboard */ = {
			isa = PBXVariantGroup;
			children = (
				15A88D3E20BB642B00BC6DFA /* Base */,
			);
			name = LaunchScreen.storyboard;
			sourceTree = "<group>";
		};
/* End PBXVariantGroup section */

/* Begin XCBuildConfiguration section */
		15A88D0520BB624C00BC6DFA /* Debug */ = {
			isa = XCBuildConfiguration;
			buildSettings = {
				ALWAYS_SEARCH_USER_PATHS = NO;
				CLANG_ANALYZER_NONNULL = YES;
				CLANG_ANALYZER_NUMBER_OBJECT_CONVERSION = YES_AGGRESSIVE;
				CLANG_CXX_LANGUAGE_STANDARD = "gnu++14";
				CLANG_CXX_LIBRARY = "libc++";
				CLANG_ENABLE_MODULES = YES;
				CLANG_ENABLE_OBJC_ARC = YES;
				CLANG_ENABLE_OBJC_WEAK = YES;
				CLANG_WARN_BLOCK_CAPTURE_AUTORELEASING = YES;
				CLANG_WARN_BOOL_CONVERSION = YES;
				CLANG_WARN_COMMA = YES;
				CLANG_WARN_CONSTANT_CONVERSION = YES;
				CLANG_WARN_DEPRECATED_OBJC_IMPLEMENTATIONS = YES;
				CLANG_WARN_DIRECT_OBJC_ISA_USAGE = YES_ERROR;
				CLANG_WARN_DOCUMENTATION_COMMENTS = YES;
				CLANG_WARN_EMPTY_BODY = YES;
				CLANG_WARN_ENUM_CONVERSION = YES;
				CLANG_WARN_INFINITE_RECURSION = YES;
				CLANG_WARN_INT_CONVERSION = YES;
				CLANG_WARN_NON_LITERAL_NULL_CONVERSION = YES;
				CLANG_WARN_OBJC_IMPLICIT_RETAIN_SELF = YES;
				CLANG_WARN_OBJC_LITERAL_CONVERSION = YES;
				CLANG_WARN_OBJC_ROOT_CLASS = YES_ERROR;
				CLANG_WARN_RANGE_LOOP_ANALYSIS = YES;
				CLANG_WARN_STRICT_PROTOTYPES = YES;
				CLANG_WARN_SUSPICIOUS_MOVE = YES;
				CLANG_WARN_UNGUARDED_AVAILABILITY = YES_AGGRESSIVE;
				CLANG_WARN_UNREACHABLE_CODE = YES;
				CLANG_WARN__DUPLICATE_METHOD_MATCH = YES;
				CODE_SIGN_IDENTITY = "iPhone Developer";
				COPY_PHASE_STRIP = NO;
				DEBUG_INFORMATION_FORMAT = dwarf;
				ENABLE_STRICT_OBJC_MSGSEND = YES;
				ENABLE_TESTABILITY = YES;
				GCC_C_LANGUAGE_STANDARD = gnu11;
				GCC_DYNAMIC_NO_PIC = NO;
				GCC_NO_COMMON_BLOCKS = YES;
				GCC_OPTIMIZATION_LEVEL = 0;
				GCC_PREPROCESSOR_DEFINITIONS = (
					"DEBUG=1",
					"$(inherited)",
				);
				GCC_WARN_64_TO_32_BIT_CONVERSION = YES;
				GCC_WARN_ABOUT_RETURN_TYPE = YES_ERROR;
				GCC_WARN_UNDECLARED_SELECTOR = YES;
				GCC_WARN_UNINITIALIZED_AUTOS = YES_AGGRESSIVE;
				GCC_WARN_UNUSED_FUNCTION = YES;
				GCC_WARN_UNUSED_VARIABLE = YES;
				IPHONEOS_DEPLOYMENT_TARGET = 10.0;
				MTL_ENABLE_DEBUG_INFO = YES;
				ONLY_ACTIVE_ARCH = YES;
				SDKROOT = iphoneos;
				SWIFT_ACTIVE_COMPILATION_CONDITIONS = DEBUG;
				SWIFT_OPTIMIZATION_LEVEL = "-Onone";
			};
			name = Debug;
		};
		15A88D0620BB624C00BC6DFA /* Release */ = {
			isa = XCBuildConfiguration;
			buildSettings = {
				ALWAYS_SEARCH_USER_PATHS = NO;
				CLANG_ANALYZER_NONNULL = YES;
				CLANG_ANALYZER_NUMBER_OBJECT_CONVERSION = YES_AGGRESSIVE;
				CLANG_CXX_LANGUAGE_STANDARD = "gnu++14";
				CLANG_CXX_LIBRARY = "libc++";
				CLANG_ENABLE_MODULES = YES;
				CLANG_ENABLE_OBJC_ARC = YES;
				CLANG_ENABLE_OBJC_WEAK = YES;
				CLANG_WARN_BLOCK_CAPTURE_AUTORELEASING = YES;
				CLANG_WARN_BOOL_CONVERSION = YES;
				CLANG_WARN_COMMA = YES;
				CLANG_WARN_CONSTANT_CONVERSION = YES;
				CLANG_WARN_DEPRECATED_OBJC_IMPLEMENTATIONS = YES;
				CLANG_WARN_DIRECT_OBJC_ISA_USAGE = YES_ERROR;
				CLANG_WARN_DOCUMENTATION_COMMENTS = YES;
				CLANG_WARN_EMPTY_BODY = YES;
				CLANG_WARN_ENUM_CONVERSION = YES;
				CLANG_WARN_INFINITE_RECURSION = YES;
				CLANG_WARN_INT_CONVERSION = YES;
				CLANG_WARN_NON_LITERAL_NULL_CONVERSION = YES;
				CLANG_WARN_OBJC_IMPLICIT_RETAIN_SELF = YES;
				CLANG_WARN_OBJC_LITERAL_CONVERSION = YES;
				CLANG_WARN_OBJC_ROOT_CLASS = YES_ERROR;
				CLANG_WARN_RANGE_LOOP_ANALYSIS = YES;
				CLANG_WARN_STRICT_PROTOTYPES = YES;
				CLANG_WARN_SUSPICIOUS_MOVE = YES;
				CLANG_WARN_UNGUARDED_AVAILABILITY = YES_AGGRESSIVE;
				CLANG_WARN_UNREACHABLE_CODE = YES;
				CLANG_WARN__DUPLICATE_METHOD_MATCH = YES;
				CODE_SIGN_IDENTITY = "iPhone Developer";
				COPY_PHASE_STRIP = NO;
				DEBUG_INFORMATION_FORMAT = "dwarf-with-dsym";
				ENABLE_NS_ASSERTIONS = NO;
				ENABLE_STRICT_OBJC_MSGSEND = YES;
				GCC_C_LANGUAGE_STANDARD = gnu11;
				GCC_NO_COMMON_BLOCKS = YES;
				GCC_WARN_64_TO_32_BIT_CONVERSION = YES;
				GCC_WARN_ABOUT_RETURN_TYPE = YES_ERROR;
				GCC_WARN_UNDECLARED_SELECTOR = YES;
				GCC_WARN_UNINITIALIZED_AUTOS = YES_AGGRESSIVE;
				GCC_WARN_UNUSED_FUNCTION = YES;
				GCC_WARN_UNUSED_VARIABLE = YES;
				IPHONEOS_DEPLOYMENT_TARGET = 10.0;
				MTL_ENABLE_DEBUG_INFO = NO;
				SDKROOT = iphoneos;
				SWIFT_COMPILATION_MODE = wholemodule;
				SWIFT_OPTIMIZATION_LEVEL = "-O";
				VALIDATE_PRODUCT = YES;
			};
			name = Release;
		};
		15A88D0820BB624C00BC6DFA /* Debug */ = {
			isa = XCBuildConfiguration;
			baseConfigurationReference = 2FE73C990C65466820BCC059 /* Pods-Boost.debug.xcconfig */;
			buildSettings = {
				ASSETCATALOG_COMPILER_APPICON_NAME = AppIcon;
				CODE_SIGN_STYLE = Automatic;
				DEVELOPMENT_TEAM = 3R8ZGADY96;
				INFOPLIST_FILE = "Boost/Supporting files/Info.plist";
				LD_RUNPATH_SEARCH_PATHS = (
					"$(inherited)",
					"@executable_path/Frameworks",
				);
				PRODUCT_BUNDLE_IDENTIFIER = io.liveui.Boost;
				PRODUCT_NAME = "$(TARGET_NAME)";
				SWIFT_VERSION = 4.0;
				TARGETED_DEVICE_FAMILY = "1,2";
			};
			name = Debug;
		};
		15A88D0920BB624C00BC6DFA /* Release */ = {
			isa = XCBuildConfiguration;
			baseConfigurationReference = 62991638382AE2F659F2DF3A /* Pods-Boost.release.xcconfig */;
			buildSettings = {
				ASSETCATALOG_COMPILER_APPICON_NAME = AppIcon;
				CODE_SIGN_STYLE = Automatic;
				DEVELOPMENT_TEAM = 3R8ZGADY96;
				INFOPLIST_FILE = "Boost/Supporting files/Info.plist";
				LD_RUNPATH_SEARCH_PATHS = (
					"$(inherited)",
					"@executable_path/Frameworks",
				);
				PRODUCT_BUNDLE_IDENTIFIER = io.liveui.Boost;
				PRODUCT_NAME = "$(TARGET_NAME)";
				SWIFT_VERSION = 4.0;
				TARGETED_DEVICE_FAMILY = "1,2";
			};
			name = Release;
		};
		15A88D0B20BB624C00BC6DFA /* Debug */ = {
			isa = XCBuildConfiguration;
			baseConfigurationReference = 90E4024F9462CDC8BA4440C8 /* Pods-BoostTests.debug.xcconfig */;
			buildSettings = {
				BUNDLE_LOADER = "$(TEST_HOST)";
				CODE_SIGN_STYLE = Automatic;
				INFOPLIST_FILE = BoostTests/Info.plist;
				LD_RUNPATH_SEARCH_PATHS = (
					"$(inherited)",
					"@executable_path/Frameworks",
					"@loader_path/Frameworks",
				);
				PRODUCT_BUNDLE_IDENTIFIER = io.liveui.BoostTests;
				PRODUCT_NAME = "$(TARGET_NAME)";
				SWIFT_VERSION = 4.0;
				TARGETED_DEVICE_FAMILY = "1,2";
				TEST_HOST = "$(BUILT_PRODUCTS_DIR)/Boost.app/Boost";
			};
			name = Debug;
		};
		15A88D0C20BB624C00BC6DFA /* Release */ = {
			isa = XCBuildConfiguration;
			baseConfigurationReference = F7131598F7B799A5E51CE785 /* Pods-BoostTests.release.xcconfig */;
			buildSettings = {
				BUNDLE_LOADER = "$(TEST_HOST)";
				CODE_SIGN_STYLE = Automatic;
				INFOPLIST_FILE = BoostTests/Info.plist;
				LD_RUNPATH_SEARCH_PATHS = (
					"$(inherited)",
					"@executable_path/Frameworks",
					"@loader_path/Frameworks",
				);
				PRODUCT_BUNDLE_IDENTIFIER = io.liveui.BoostTests;
				PRODUCT_NAME = "$(TARGET_NAME)";
				SWIFT_VERSION = 4.0;
				TARGETED_DEVICE_FAMILY = "1,2";
				TEST_HOST = "$(BUILT_PRODUCTS_DIR)/Boost.app/Boost";
			};
			name = Release;
		};
		15A88D0E20BB624C00BC6DFA /* Debug */ = {
			isa = XCBuildConfiguration;
			baseConfigurationReference = FF57EAE198A4C386D577F7D3 /* Pods-BoostUITests.debug.xcconfig */;
			buildSettings = {
				CODE_SIGN_STYLE = Automatic;
				INFOPLIST_FILE = BoostUITests/Info.plist;
				LD_RUNPATH_SEARCH_PATHS = (
					"$(inherited)",
					"@executable_path/Frameworks",
					"@loader_path/Frameworks",
				);
				PRODUCT_BUNDLE_IDENTIFIER = io.liveui.BoostUITests;
				PRODUCT_NAME = "$(TARGET_NAME)";
				SWIFT_VERSION = 4.0;
				TARGETED_DEVICE_FAMILY = "1,2";
				TEST_TARGET_NAME = Boost;
			};
			name = Debug;
		};
		15A88D0F20BB624C00BC6DFA /* Release */ = {
			isa = XCBuildConfiguration;
			baseConfigurationReference = D39F05A6752C4B87BA4E9E2C /* Pods-BoostUITests.release.xcconfig */;
			buildSettings = {
				CODE_SIGN_STYLE = Automatic;
				INFOPLIST_FILE = BoostUITests/Info.plist;
				LD_RUNPATH_SEARCH_PATHS = (
					"$(inherited)",
					"@executable_path/Frameworks",
					"@loader_path/Frameworks",
				);
				PRODUCT_BUNDLE_IDENTIFIER = io.liveui.BoostUITests;
				PRODUCT_NAME = "$(TARGET_NAME)";
				SWIFT_VERSION = 4.0;
				TARGETED_DEVICE_FAMILY = "1,2";
				TEST_TARGET_NAME = Boost;
			};
			name = Release;
		};
/* End XCBuildConfiguration section */

/* Begin XCConfigurationList section */
		15A88CDA20BB624A00BC6DFA /* Build configuration list for PBXProject "Boost" */ = {
			isa = XCConfigurationList;
			buildConfigurations = (
				15A88D0520BB624C00BC6DFA /* Debug */,
				15A88D0620BB624C00BC6DFA /* Release */,
			);
			defaultConfigurationIsVisible = 0;
			defaultConfigurationName = Release;
		};
		15A88D0720BB624C00BC6DFA /* Build configuration list for PBXNativeTarget "Boost" */ = {
			isa = XCConfigurationList;
			buildConfigurations = (
				15A88D0820BB624C00BC6DFA /* Debug */,
				15A88D0920BB624C00BC6DFA /* Release */,
			);
			defaultConfigurationIsVisible = 0;
			defaultConfigurationName = Release;
		};
		15A88D0A20BB624C00BC6DFA /* Build configuration list for PBXNativeTarget "BoostTests" */ = {
			isa = XCConfigurationList;
			buildConfigurations = (
				15A88D0B20BB624C00BC6DFA /* Debug */,
				15A88D0C20BB624C00BC6DFA /* Release */,
			);
			defaultConfigurationIsVisible = 0;
			defaultConfigurationName = Release;
		};
		15A88D0D20BB624C00BC6DFA /* Build configuration list for PBXNativeTarget "BoostUITests" */ = {
			isa = XCConfigurationList;
			buildConfigurations = (
				15A88D0E20BB624C00BC6DFA /* Debug */,
				15A88D0F20BB624C00BC6DFA /* Release */,
			);
			defaultConfigurationIsVisible = 0;
			defaultConfigurationName = Release;
		};
/* End XCConfigurationList section */

/* Begin XCVersionGroup section */
		15A88D3F20BB642B00BC6DFA /* Boost.xcdatamodeld */ = {
			isa = XCVersionGroup;
			children = (
				15A88D4020BB642B00BC6DFA /* BoostApp.xcdatamodel */,
			);
			currentVersion = 15A88D4020BB642B00BC6DFA /* BoostApp.xcdatamodel */;
			path = Boost.xcdatamodeld;
			sourceTree = "<group>";
			versionGroupType = wrapper.xcdatamodel;
		};
/* End XCVersionGroup section */
	};
	rootObject = 15A88CD720BB624A00BC6DFA /* Project object */;
}
