// !$*UTF8*$!
{
	archiveVersion = 1;
	classes = {
	};
	objectVersion = 50;
	objects = {

/* Begin PBXBuildFile section */
		15A88CE320BB624A00BC6DFA /* AppDelegate.swift in Sources */ = {isa = PBXBuildFile; fileRef = 15A88CE220BB624A00BC6DFA /* AppDelegate.swift */; };
		15A88CE520BB624A00BC6DFA /* ViewController.swift in Sources */ = {isa = PBXBuildFile; fileRef = 15A88CE420BB624A00BC6DFA /* ViewController.swift */; };
		15A88CE820BB624A00BC6DFA /* Main.storyboard in Resources */ = {isa = PBXBuildFile; fileRef = 15A88CE620BB624A00BC6DFA /* Main.storyboard */; };
		15A88CEA20BB624C00BC6DFA /* Assets.xcassets in Resources */ = {isa = PBXBuildFile; fileRef = 15A88CE920BB624C00BC6DFA /* Assets.xcassets */; };
		15A88CED20BB624C00BC6DFA /* LaunchScreen.storyboard in Resources */ = {isa = PBXBuildFile; fileRef = 15A88CEB20BB624C00BC6DFA /* LaunchScreen.storyboard */; };
		15A88CF820BB624C00BC6DFA /* BoostTests.swift in Sources */ = {isa = PBXBuildFile; fileRef = 15A88CF720BB624C00BC6DFA /* BoostTests.swift */; };
		15A88D0320BB624C00BC6DFA /* BoostUITests.swift in Sources */ = {isa = PBXBuildFile; fileRef = 15A88D0220BB624C00BC6DFA /* BoostUITests.swift */; };
/* End PBXBuildFile section */

/* Begin PBXContainerItemProxy section */
		15A88CF420BB624C00BC6DFA /* PBXContainerItemProxy */ = {
			isa = PBXContainerItemProxy;
			containerPortal = 15A88CD720BB624A00BC6DFA /* Project object */;
			proxyType = 1;
			remoteGlobalIDString = 15A88CDE20BB624A00BC6DFA;
			remoteInfo = Boost;
		};
		15A88CFF20BB624C00BC6DFA /* PBXContainerItemProxy */ = {
			isa = PBXContainerItemProxy;
			containerPortal = 15A88CD720BB624A00BC6DFA /* Project object */;
			proxyType = 1;
			remoteGlobalIDString = 15A88CDE20BB624A00BC6DFA;
			remoteInfo = Boost;
		};
/* End PBXContainerItemProxy section */

/* Begin PBXFileReference section */
		15A88CDF20BB624A00BC6DFA /* Boost.app */ = {isa = PBXFileReference; explicitFileType = wrapper.application; includeInIndex = 0; path = Boost.app; sourceTree = BUILT_PRODUCTS_DIR; };
		15A88CE220BB624A00BC6DFA /* AppDelegate.swift */ = {isa = PBXFileReference; lastKnownFileType = sourcecode.swift; path = AppDelegate.swift; sourceTree = "<group>"; };
		15A88CE420BB624A00BC6DFA /* ViewController.swift */ = {isa = PBXFileReference; lastKnownFileType = sourcecode.swift; path = ViewController.swift; sourceTree = "<group>"; };
		15A88CE720BB624A00BC6DFA /* Base */ = {isa = PBXFileReference; lastKnownFileType = file.storyboard; name = Base; path = Base.lproj/Main.storyboard; sourceTree = "<group>"; };
		15A88CE920BB624C00BC6DFA /* Assets.xcassets */ = {isa = PBXFileReference; lastKnownFileType = folder.assetcatalog; path = Assets.xcassets; sourceTree = "<group>"; };
		15A88CEC20BB624C00BC6DFA /* Base */ = {isa = PBXFileReference; lastKnownFileType = file.storyboard; name = Base; path = Base.lproj/LaunchScreen.storyboard; sourceTree = "<group>"; };
		15A88CEE20BB624C00BC6DFA /* Info.plist */ = {isa = PBXFileReference; lastKnownFileType = text.plist.xml; path = Info.plist; sourceTree = "<group>"; };
		15A88CF320BB624C00BC6DFA /* BoostTests.xctest */ = {isa = PBXFileReference; explicitFileType = wrapper.cfbundle; includeInIndex = 0; path = BoostTests.xctest; sourceTree = BUILT_PRODUCTS_DIR; };
		15A88CF720BB624C00BC6DFA /* BoostTests.swift */ = {isa = PBXFileReference; lastKnownFileType = sourcecode.swift; path = BoostTests.swift; sourceTree = "<group>"; };
		15A88CF920BB624C00BC6DFA /* Info.plist */ = {isa = PBXFileReference; lastKnownFileType = text.plist.xml; path = Info.plist; sourceTree = "<group>"; };
		15A88CFE20BB624C00BC6DFA /* BoostUITests.xctest */ = {isa = PBXFileReference; explicitFileType = wrapper.cfbundle; includeInIndex = 0; path = BoostUITests.xctest; sourceTree = BUILT_PRODUCTS_DIR; };
		15A88D0220BB624C00BC6DFA /* BoostUITests.swift */ = {isa = PBXFileReference; lastKnownFileType = sourcecode.swift; path = BoostUITests.swift; sourceTree = "<group>"; };
		15A88D0420BB624C00BC6DFA /* Info.plist */ = {isa = PBXFileReference; lastKnownFileType = text.plist.xml; path = Info.plist; sourceTree = "<group>"; };
/* End PBXFileReference section */

/* Begin PBXFrameworksBuildPhase section */
		15A88CDC20BB624A00BC6DFA /* Frameworks */ = {
			isa = PBXFrameworksBuildPhase;
			buildActionMask = 2147483647;
			files = (
			);
			runOnlyForDeploymentPostprocessing = 0;
		};
		15A88CF020BB624C00BC6DFA /* Frameworks */ = {
			isa = PBXFrameworksBuildPhase;
			buildActionMask = 2147483647;
			files = (
			);
			runOnlyForDeploymentPostprocessing = 0;
		};
		15A88CFB20BB624C00BC6DFA /* Frameworks */ = {
			isa = PBXFrameworksBuildPhase;
			buildActionMask = 2147483647;
			files = (
			);
			runOnlyForDeploymentPostprocessing = 0;
		};
/* End PBXFrameworksBuildPhase section */

/* Begin PBXGroup section */
		15A88CD620BB624A00BC6DFA = {
			isa = PBXGroup;
			children = (
				15A88CE120BB624A00BC6DFA /* Boost */,
				15A88CF620BB624C00BC6DFA /* BoostTests */,
				15A88D0120BB624C00BC6DFA /* BoostUITests */,
				15A88CE020BB624A00BC6DFA /* Products */,
			);
			sourceTree = "<group>";
		};
		15A88CE020BB624A00BC6DFA /* Products */ = {
			isa = PBXGroup;
			children = (
				15A88CDF20BB624A00BC6DFA /* Boost.app */,
				15A88CF320BB624C00BC6DFA /* BoostTests.xctest */,
				15A88CFE20BB624C00BC6DFA /* BoostUITests.xctest */,
			);
			name = Products;
			sourceTree = "<group>";
		};
		15A88CE120BB624A00BC6DFA /* Boost */ = {
			isa = PBXGroup;
			children = (
				15A88CE220BB624A00BC6DFA /* AppDelegate.swift */,
				15A88CE420BB624A00BC6DFA /* ViewController.swift */,
				15A88CE620BB624A00BC6DFA /* Main.storyboard */,
				15A88CE920BB624C00BC6DFA /* Assets.xcassets */,
				15A88CEB20BB624C00BC6DFA /* LaunchScreen.storyboard */,
				15A88CEE20BB624C00BC6DFA /* Info.plist */,
			);
			path = Boost;
			sourceTree = "<group>";
		};
		15A88CF620BB624C00BC6DFA /* BoostTests */ = {
			isa = PBXGroup;
			children = (
				15A88CF720BB624C00BC6DFA /* BoostTests.swift */,
				15A88CF920BB624C00BC6DFA /* Info.plist */,
			);
			path = BoostTests;
			sourceTree = "<group>";
		};
		15A88D0120BB624C00BC6DFA /* BoostUITests */ = {
			isa = PBXGroup;
			children = (
				15A88D0220BB624C00BC6DFA /* BoostUITests.swift */,
				15A88D0420BB624C00BC6DFA /* Info.plist */,
			);
			path = BoostUITests;
			sourceTree = "<group>";
		};
/* End PBXGroup section */

/* Begin PBXNativeTarget section */
		15A88CDE20BB624A00BC6DFA /* Boost */ = {
			isa = PBXNativeTarget;
			buildConfigurationList = 15A88D0720BB624C00BC6DFA /* Build configuration list for PBXNativeTarget "Boost" */;
			buildPhases = (
				15A88CDB20BB624A00BC6DFA /* Sources */,
				15A88CDC20BB624A00BC6DFA /* Frameworks */,
				15A88CDD20BB624A00BC6DFA /* Resources */,
			);
			buildRules = (
			);
			dependencies = (
			);
			name = Boost;
			productName = Boost;
			productReference = 15A88CDF20BB624A00BC6DFA /* Boost.app */;
			productType = "com.apple.product-type.application";
		};
		15A88CF220BB624C00BC6DFA /* BoostTests */ = {
			isa = PBXNativeTarget;
			buildConfigurationList = 15A88D0A20BB624C00BC6DFA /* Build configuration list for PBXNativeTarget "BoostTests" */;
			buildPhases = (
				15A88CEF20BB624C00BC6DFA /* Sources */,
				15A88CF020BB624C00BC6DFA /* Frameworks */,
				15A88CF120BB624C00BC6DFA /* Resources */,
			);
			buildRules = (
			);
			dependencies = (
				15A88CF520BB624C00BC6DFA /* PBXTargetDependency */,
			);
			name = BoostTests;
			productName = BoostTests;
			productReference = 15A88CF320BB624C00BC6DFA /* BoostTests.xctest */;
			productType = "com.apple.product-type.bundle.unit-test";
		};
		15A88CFD20BB624C00BC6DFA /* BoostUITests */ = {
			isa = PBXNativeTarget;
			buildConfigurationList = 15A88D0D20BB624C00BC6DFA /* Build configuration list for PBXNativeTarget "BoostUITests" */;
			buildPhases = (
				15A88CFA20BB624C00BC6DFA /* Sources */,
				15A88CFB20BB624C00BC6DFA /* Frameworks */,
				15A88CFC20BB624C00BC6DFA /* Resources */,
			);
			buildRules = (
			);
			dependencies = (
				15A88D0020BB624C00BC6DFA /* PBXTargetDependency */,
			);
			name = BoostUITests;
			productName = BoostUITests;
			productReference = 15A88CFE20BB624C00BC6DFA /* BoostUITests.xctest */;
			productType = "com.apple.product-type.bundle.ui-testing";
		};
/* End PBXNativeTarget section */

/* Begin PBXProject section */
		15A88CD720BB624A00BC6DFA /* Project object */ = {
			isa = PBXProject;
			attributes = {
				LastSwiftUpdateCheck = 0930;
				LastUpgradeCheck = 0930;
				ORGANIZATIONNAME = LiveUI;
				TargetAttributes = {
					15A88CDE20BB624A00BC6DFA = {
						CreatedOnToolsVersion = 9.3;
					};
					15A88CF220BB624C00BC6DFA = {
						CreatedOnToolsVersion = 9.3;
						TestTargetID = 15A88CDE20BB624A00BC6DFA;
					};
					15A88CFD20BB624C00BC6DFA = {
						CreatedOnToolsVersion = 9.3;
						TestTargetID = 15A88CDE20BB624A00BC6DFA;
					};
				};
			};
			buildConfigurationList = 15A88CDA20BB624A00BC6DFA /* Build configuration list for PBXProject "Boost" */;
			compatibilityVersion = "Xcode 9.3";
			developmentRegion = en;
			hasScannedForEncodings = 0;
			knownRegions = (
				en,
				Base,
			);
			mainGroup = 15A88CD620BB624A00BC6DFA;
			productRefGroup = 15A88CE020BB624A00BC6DFA /* Products */;
			projectDirPath = "";
			projectRoot = "";
			targets = (
				15A88CDE20BB624A00BC6DFA /* Boost */,
				15A88CF220BB624C00BC6DFA /* BoostTests */,
				15A88CFD20BB624C00BC6DFA /* BoostUITests */,
			);
		};
/* End PBXProject section */

/* Begin PBXResourcesBuildPhase section */
		15A88CDD20BB624A00BC6DFA /* Resources */ = {
			isa = PBXResourcesBuildPhase;
			buildActionMask = 2147483647;
			files = (
				15A88CED20BB624C00BC6DFA /* LaunchScreen.storyboard in Resources */,
				15A88CEA20BB624C00BC6DFA /* Assets.xcassets in Resources */,
				15A88CE820BB624A00BC6DFA /* Main.storyboard in Resources */,
			);
			runOnlyForDeploymentPostprocessing = 0;
		};
		15A88CF120BB624C00BC6DFA /* Resources */ = {
			isa = PBXResourcesBuildPhase;
			buildActionMask = 2147483647;
			files = (
			);
			runOnlyForDeploymentPostprocessing = 0;
		};
		15A88CFC20BB624C00BC6DFA /* Resources */ = {
			isa = PBXResourcesBuildPhase;
			buildActionMask = 2147483647;
			files = (
			);
			runOnlyForDeploymentPostprocessing = 0;
		};
/* End PBXResourcesBuildPhase section */

/* Begin PBXSourcesBuildPhase section */
		15A88CDB20BB624A00BC6DFA /* Sources */ = {
			isa = PBXSourcesBuildPhase;
			buildActionMask = 2147483647;
			files = (
				15A88CE520BB624A00BC6DFA /* ViewController.swift in Sources */,
				15A88CE320BB624A00BC6DFA /* AppDelegate.swift in Sources */,
			);
			runOnlyForDeploymentPostprocessing = 0;
		};
		15A88CEF20BB624C00BC6DFA /* Sources */ = {
			isa = PBXSourcesBuildPhase;
			buildActionMask = 2147483647;
			files = (
				15A88CF820BB624C00BC6DFA /* BoostTests.swift in Sources */,
			);
			runOnlyForDeploymentPostprocessing = 0;
		};
		15A88CFA20BB624C00BC6DFA /* Sources */ = {
			isa = PBXSourcesBuildPhase;
			buildActionMask = 2147483647;
			files = (
				15A88D0320BB624C00BC6DFA /* BoostUITests.swift in Sources */,
			);
			runOnlyForDeploymentPostprocessing = 0;
		};
/* End PBXSourcesBuildPhase section */

/* Begin PBXTargetDependency section */
		15A88CF520BB624C00BC6DFA /* PBXTargetDependency */ = {
			isa = PBXTargetDependency;
			target = 15A88CDE20BB624A00BC6DFA /* Boost */;
			targetProxy = 15A88CF420BB624C00BC6DFA /* PBXContainerItemProxy */;
		};
		15A88D0020BB624C00BC6DFA /* PBXTargetDependency */ = {
			isa = PBXTargetDependency;
			target = 15A88CDE20BB624A00BC6DFA /* Boost */;
			targetProxy = 15A88CFF20BB624C00BC6DFA /* PBXContainerItemProxy */;
		};
/* End PBXTargetDependency section */

/* Begin PBXVariantGroup section */
		15A88CE620BB624A00BC6DFA /* Main.storyboard */ = {
			isa = PBXVariantGroup;
			children = (
				15A88CE720BB624A00BC6DFA /* Base */,
			);
			name = Main.storyboard;
			sourceTree = "<group>";
		};
		15A88CEB20BB624C00BC6DFA /* LaunchScreen.storyboard */ = {
			isa = PBXVariantGroup;
			children = (
				15A88CEC20BB624C00BC6DFA /* Base */,
			);
			name = LaunchScreen.storyboard;
			sourceTree = "<group>";
		};
/* End PBXVariantGroup section */

/* Begin XCBuildConfiguration section */
		15A88D0520BB624C00BC6DFA /* Debug */ = {
			isa = XCBuildConfiguration;
			buildSettings = {
				ALWAYS_SEARCH_USER_PATHS = NO;
				CLANG_ANALYZER_NONNULL = YES;
				CLANG_ANALYZER_NUMBER_OBJECT_CONVERSION = YES_AGGRESSIVE;
				CLANG_CXX_LANGUAGE_STANDARD = "gnu++14";
				CLANG_CXX_LIBRARY = "libc++";
				CLANG_ENABLE_MODULES = YES;
				CLANG_ENABLE_OBJC_ARC = YES;
				CLANG_ENABLE_OBJC_WEAK = YES;
				CLANG_WARN_BLOCK_CAPTURE_AUTORELEASING = YES;
				CLANG_WARN_BOOL_CONVERSION = YES;
				CLANG_WARN_COMMA = YES;
				CLANG_WARN_CONSTANT_CONVERSION = YES;
				CLANG_WARN_DEPRECATED_OBJC_IMPLEMENTATIONS = YES;
				CLANG_WARN_DIRECT_OBJC_ISA_USAGE = YES_ERROR;
				CLANG_WARN_DOCUMENTATION_COMMENTS = YES;
				CLANG_WARN_EMPTY_BODY = YES;
				CLANG_WARN_ENUM_CONVERSION = YES;
				CLANG_WARN_INFINITE_RECURSION = YES;
				CLANG_WARN_INT_CONVERSION = YES;
				CLANG_WARN_NON_LITERAL_NULL_CONVERSION = YES;
				CLANG_WARN_OBJC_IMPLICIT_RETAIN_SELF = YES;
				CLANG_WARN_OBJC_LITERAL_CONVERSION = YES;
				CLANG_WARN_OBJC_ROOT_CLASS = YES_ERROR;
				CLANG_WARN_RANGE_LOOP_ANALYSIS = YES;
				CLANG_WARN_STRICT_PROTOTYPES = YES;
				CLANG_WARN_SUSPICIOUS_MOVE = YES;
				CLANG_WARN_UNGUARDED_AVAILABILITY = YES_AGGRESSIVE;
				CLANG_WARN_UNREACHABLE_CODE = YES;
				CLANG_WARN__DUPLICATE_METHOD_MATCH = YES;
				CODE_SIGN_IDENTITY = "iPhone Developer";
				COPY_PHASE_STRIP = NO;
				DEBUG_INFORMATION_FORMAT = dwarf;
				ENABLE_STRICT_OBJC_MSGSEND = YES;
				ENABLE_TESTABILITY = YES;
				GCC_C_LANGUAGE_STANDARD = gnu11;
				GCC_DYNAMIC_NO_PIC = NO;
				GCC_NO_COMMON_BLOCKS = YES;
				GCC_OPTIMIZATION_LEVEL = 0;
				GCC_PREPROCESSOR_DEFINITIONS = (
					"DEBUG=1",
					"$(inherited)",
				);
				GCC_WARN_64_TO_32_BIT_CONVERSION = YES;
				GCC_WARN_ABOUT_RETURN_TYPE = YES_ERROR;
				GCC_WARN_UNDECLARED_SELECTOR = YES;
				GCC_WARN_UNINITIALIZED_AUTOS = YES_AGGRESSIVE;
				GCC_WARN_UNUSED_FUNCTION = YES;
				GCC_WARN_UNUSED_VARIABLE = YES;
				IPHONEOS_DEPLOYMENT_TARGET = 11.3;
				MTL_ENABLE_DEBUG_INFO = YES;
				ONLY_ACTIVE_ARCH = YES;
				SDKROOT = iphoneos;
				SWIFT_ACTIVE_COMPILATION_CONDITIONS = DEBUG;
				SWIFT_OPTIMIZATION_LEVEL = "-Onone";
			};
			name = Debug;
		};
		15A88D0620BB624C00BC6DFA /* Release */ = {
			isa = XCBuildConfiguration;
			buildSettings = {
				ALWAYS_SEARCH_USER_PATHS = NO;
				CLANG_ANALYZER_NONNULL = YES;
				CLANG_ANALYZER_NUMBER_OBJECT_CONVERSION = YES_AGGRESSIVE;
				CLANG_CXX_LANGUAGE_STANDARD = "gnu++14";
				CLANG_CXX_LIBRARY = "libc++";
				CLANG_ENABLE_MODULES = YES;
				CLANG_ENABLE_OBJC_ARC = YES;
				CLANG_ENABLE_OBJC_WEAK = YES;
				CLANG_WARN_BLOCK_CAPTURE_AUTORELEASING = YES;
				CLANG_WARN_BOOL_CONVERSION = YES;
				CLANG_WARN_COMMA = YES;
				CLANG_WARN_CONSTANT_CONVERSION = YES;
				CLANG_WARN_DEPRECATED_OBJC_IMPLEMENTATIONS = YES;
				CLANG_WARN_DIRECT_OBJC_ISA_USAGE = YES_ERROR;
				CLANG_WARN_DOCUMENTATION_COMMENTS = YES;
				CLANG_WARN_EMPTY_BODY = YES;
				CLANG_WARN_ENUM_CONVERSION = YES;
				CLANG_WARN_INFINITE_RECURSION = YES;
				CLANG_WARN_INT_CONVERSION = YES;
				CLANG_WARN_NON_LITERAL_NULL_CONVERSION = YES;
				CLANG_WARN_OBJC_IMPLICIT_RETAIN_SELF = YES;
				CLANG_WARN_OBJC_LITERAL_CONVERSION = YES;
				CLANG_WARN_OBJC_ROOT_CLASS = YES_ERROR;
				CLANG_WARN_RANGE_LOOP_ANALYSIS = YES;
				CLANG_WARN_STRICT_PROTOTYPES = YES;
				CLANG_WARN_SUSPICIOUS_MOVE = YES;
				CLANG_WARN_UNGUARDED_AVAILABILITY = YES_AGGRESSIVE;
				CLANG_WARN_UNREACHABLE_CODE = YES;
				CLANG_WARN__DUPLICATE_METHOD_MATCH = YES;
				CODE_SIGN_IDENTITY = "iPhone Developer";
				COPY_PHASE_STRIP = NO;
				DEBUG_INFORMATION_FORMAT = "dwarf-with-dsym";
				ENABLE_NS_ASSERTIONS = NO;
				ENABLE_STRICT_OBJC_MSGSEND = YES;
				GCC_C_LANGUAGE_STANDARD = gnu11;
				GCC_NO_COMMON_BLOCKS = YES;
				GCC_WARN_64_TO_32_BIT_CONVERSION = YES;
				GCC_WARN_ABOUT_RETURN_TYPE = YES_ERROR;
				GCC_WARN_UNDECLARED_SELECTOR = YES;
				GCC_WARN_UNINITIALIZED_AUTOS = YES_AGGRESSIVE;
				GCC_WARN_UNUSED_FUNCTION = YES;
				GCC_WARN_UNUSED_VARIABLE = YES;
				IPHONEOS_DEPLOYMENT_TARGET = 11.3;
				MTL_ENABLE_DEBUG_INFO = NO;
				SDKROOT = iphoneos;
				SWIFT_COMPILATION_MODE = wholemodule;
				SWIFT_OPTIMIZATION_LEVEL = "-O";
				VALIDATE_PRODUCT = YES;
			};
			name = Release;
		};
		15A88D0820BB624C00BC6DFA /* Debug */ = {
			isa = XCBuildConfiguration;
			buildSettings = {
				ASSETCATALOG_COMPILER_APPICON_NAME = AppIcon;
				CODE_SIGN_STYLE = Automatic;
				INFOPLIST_FILE = Boost/Info.plist;
				LD_RUNPATH_SEARCH_PATHS = (
					"$(inherited)",
					"@executable_path/Frameworks",
				);
				PRODUCT_BUNDLE_IDENTIFIER = io.liveui.Boost;
				PRODUCT_NAME = "$(TARGET_NAME)";
				SWIFT_VERSION = 4.0;
				TARGETED_DEVICE_FAMILY = "1,2";
			};
			name = Debug;
		};
		15A88D0920BB624C00BC6DFA /* Release */ = {
			isa = XCBuildConfiguration;
			buildSettings = {
				ASSETCATALOG_COMPILER_APPICON_NAME = AppIcon;
				CODE_SIGN_STYLE = Automatic;
				INFOPLIST_FILE = Boost/Info.plist;
				LD_RUNPATH_SEARCH_PATHS = (
					"$(inherited)",
					"@executable_path/Frameworks",
				);
				PRODUCT_BUNDLE_IDENTIFIER = io.liveui.Boost;
				PRODUCT_NAME = "$(TARGET_NAME)";
				SWIFT_VERSION = 4.0;
				TARGETED_DEVICE_FAMILY = "1,2";
			};
			name = Release;
		};
		15A88D0B20BB624C00BC6DFA /* Debug */ = {
			isa = XCBuildConfiguration;
			buildSettings = {
				ALWAYS_EMBED_SWIFT_STANDARD_LIBRARIES = YES;
				BUNDLE_LOADER = "$(TEST_HOST)";
				CODE_SIGN_STYLE = Automatic;
				INFOPLIST_FILE = BoostTests/Info.plist;
				LD_RUNPATH_SEARCH_PATHS = (
					"$(inherited)",
					"@executable_path/Frameworks",
					"@loader_path/Frameworks",
				);
				PRODUCT_BUNDLE_IDENTIFIER = io.liveui.BoostTests;
				PRODUCT_NAME = "$(TARGET_NAME)";
				SWIFT_VERSION = 4.0;
				TARGETED_DEVICE_FAMILY = "1,2";
				TEST_HOST = "$(BUILT_PRODUCTS_DIR)/Boost.app/Boost";
			};
			name = Debug;
		};
		15A88D0C20BB624C00BC6DFA /* Release */ = {
			isa = XCBuildConfiguration;
			buildSettings = {
				ALWAYS_EMBED_SWIFT_STANDARD_LIBRARIES = YES;
				BUNDLE_LOADER = "$(TEST_HOST)";
				CODE_SIGN_STYLE = Automatic;
				INFOPLIST_FILE = BoostTests/Info.plist;
				LD_RUNPATH_SEARCH_PATHS = (
					"$(inherited)",
					"@executable_path/Frameworks",
					"@loader_path/Frameworks",
				);
				PRODUCT_BUNDLE_IDENTIFIER = io.liveui.BoostTests;
				PRODUCT_NAME = "$(TARGET_NAME)";
				SWIFT_VERSION = 4.0;
				TARGETED_DEVICE_FAMILY = "1,2";
				TEST_HOST = "$(BUILT_PRODUCTS_DIR)/Boost.app/Boost";
			};
			name = Release;
		};
		15A88D0E20BB624C00BC6DFA /* Debug */ = {
			isa = XCBuildConfiguration;
			buildSettings = {
				ALWAYS_EMBED_SWIFT_STANDARD_LIBRARIES = YES;
				CODE_SIGN_STYLE = Automatic;
				INFOPLIST_FILE = BoostUITests/Info.plist;
				LD_RUNPATH_SEARCH_PATHS = (
					"$(inherited)",
					"@executable_path/Frameworks",
					"@loader_path/Frameworks",
				);
				PRODUCT_BUNDLE_IDENTIFIER = io.liveui.BoostUITests;
				PRODUCT_NAME = "$(TARGET_NAME)";
				SWIFT_VERSION = 4.0;
				TARGETED_DEVICE_FAMILY = "1,2";
				TEST_TARGET_NAME = Boost;
			};
			name = Debug;
		};
		15A88D0F20BB624C00BC6DFA /* Release */ = {
			isa = XCBuildConfiguration;
			buildSettings = {
				ALWAYS_EMBED_SWIFT_STANDARD_LIBRARIES = YES;
				CODE_SIGN_STYLE = Automatic;
				INFOPLIST_FILE = BoostUITests/Info.plist;
				LD_RUNPATH_SEARCH_PATHS = (
					"$(inherited)",
					"@executable_path/Frameworks",
					"@loader_path/Frameworks",
				);
				PRODUCT_BUNDLE_IDENTIFIER = io.liveui.BoostUITests;
				PRODUCT_NAME = "$(TARGET_NAME)";
				SWIFT_VERSION = 4.0;
				TARGETED_DEVICE_FAMILY = "1,2";
				TEST_TARGET_NAME = Boost;
			};
			name = Release;
		};
/* End XCBuildConfiguration section */

/* Begin XCConfigurationList section */
		15A88CDA20BB624A00BC6DFA /* Build configuration list for PBXProject "Boost" */ = {
			isa = XCConfigurationList;
			buildConfigurations = (
				15A88D0520BB624C00BC6DFA /* Debug */,
				15A88D0620BB624C00BC6DFA /* Release */,
			);
			defaultConfigurationIsVisible = 0;
			defaultConfigurationName = Release;
		};
		15A88D0720BB624C00BC6DFA /* Build configuration list for PBXNativeTarget "Boost" */ = {
			isa = XCConfigurationList;
			buildConfigurations = (
				15A88D0820BB624C00BC6DFA /* Debug */,
				15A88D0920BB624C00BC6DFA /* Release */,
			);
			defaultConfigurationIsVisible = 0;
			defaultConfigurationName = Release;
		};
		15A88D0A20BB624C00BC6DFA /* Build configuration list for PBXNativeTarget "BoostTests" */ = {
			isa = XCConfigurationList;
			buildConfigurations = (
				15A88D0B20BB624C00BC6DFA /* Debug */,
				15A88D0C20BB624C00BC6DFA /* Release */,
			);
			defaultConfigurationIsVisible = 0;
			defaultConfigurationName = Release;
		};
		15A88D0D20BB624C00BC6DFA /* Build configuration list for PBXNativeTarget "BoostUITests" */ = {
			isa = XCConfigurationList;
			buildConfigurations = (
				15A88D0E20BB624C00BC6DFA /* Debug */,
				15A88D0F20BB624C00BC6DFA /* Release */,
			);
			defaultConfigurationIsVisible = 0;
			defaultConfigurationName = Release;
		};
/* End XCConfigurationList section */
	};
	rootObject = 15A88CD720BB624A00BC6DFA /* Project object */;
}
